// !$*UTF8*$!
{
	archiveVersion = 1;
	classes = {
	};
	objectVersion = 56;
	objects = {

/* Begin PBXBuildFile section */
		03D759362ACDA17400495D7F /* PostCodeInputView.swift in Sources */ = {isa = PBXBuildFile; fileRef = 03D759352ACDA17400495D7F /* PostCodeInputView.swift */; };
		03FFF2A92ACDAE7A00B81D65 /* PostCodeView.swift in Sources */ = {isa = PBXBuildFile; fileRef = 03FFF2A82ACDAE7A00B81D65 /* PostCodeView.swift */; };
		70D2994A2AC573B3009F536A /* CameraViewer.swift in Sources */ = {isa = PBXBuildFile; fileRef = 70D299492AC573B3009F536A /* CameraViewer.swift */; };
		70D2994C2AC573BC009F536A /* CameraManager.swift in Sources */ = {isa = PBXBuildFile; fileRef = 70D2994B2AC573BC009F536A /* CameraManager.swift */; };
		70D299512AC9617D009F536A /* PrepareIDCardView.swift in Sources */ = {isa = PBXBuildFile; fileRef = 70D299502AC9617D009F536A /* PrepareIDCardView.swift */; };
		70D299532AC961AB009F536A /* TakeIDCardView.swift in Sources */ = {isa = PBXBuildFile; fileRef = 70D299522AC961AB009F536A /* TakeIDCardView.swift */; };
		70D299552AC961BB009F536A /* ConfirmIDCardView.swift in Sources */ = {isa = PBXBuildFile; fileRef = 70D299542AC961BB009F536A /* ConfirmIDCardView.swift */; };
		7337E1E82AD04B1700D91E6F /* TextStyle+Extension.swift in Sources */ = {isa = PBXBuildFile; fileRef = 7337E1E72AD04B1700D91E6F /* TextStyle+Extension.swift */; };
		737EE3542ABD646100D224FC /* OnbomApp.swift in Sources */ = {isa = PBXBuildFile; fileRef = 737EE3532ABD646100D224FC /* OnbomApp.swift */; };
		737EE3562ABD646100D224FC /* ContentView.swift in Sources */ = {isa = PBXBuildFile; fileRef = 737EE3552ABD646100D224FC /* ContentView.swift */; };
		737EE3582ABD646200D224FC /* Assets.xcassets in Resources */ = {isa = PBXBuildFile; fileRef = 737EE3572ABD646200D224FC /* Assets.xcassets */; };
		737EE35B2ABD646200D224FC /* Preview Assets.xcassets in Resources */ = {isa = PBXBuildFile; fileRef = 737EE35A2ABD646200D224FC /* Preview Assets.xcassets */; };
		7396F4632AD034D6000E8F1A /* MainView.swift in Sources */ = {isa = PBXBuildFile; fileRef = 7396F4622AD034D6000E8F1A /* MainView.swift */; };
		AEB33E762AC2B0ED0082A3E7 /* PDFManager.swift in Sources */ = {isa = PBXBuildFile; fileRef = AEB33E752AC2B0ED0082A3E7 /* PDFManager.swift */; };
		AEB33E792AC2BDAC0082A3E7 /* PDFViewer.swift in Sources */ = {isa = PBXBuildFile; fileRef = AEB33E782AC2BDAC0082A3E7 /* PDFViewer.swift */; };
		AEB33E992AC3F7CE0082A3E7 /* LTCIForm.pdf in Resources */ = {isa = PBXBuildFile; fileRef = AEB33E982AC3F7CE0082A3E7 /* LTCIForm.pdf */; };
		AEB33E9B2AC406600082A3E7 /* Color+Palette.swift in Sources */ = {isa = PBXBuildFile; fileRef = AEB33E9A2AC406600082A3E7 /* Color+Palette.swift */; };
		AEB33E9E2AC40C470082A3E7 /* InputField.swift in Sources */ = {isa = PBXBuildFile; fileRef = AEB33E9D2AC40C470082A3E7 /* InputField.swift */; };
/* End PBXBuildFile section */

/* Begin PBXFileReference section */
		03D759352ACDA17400495D7F /* PostCodeInputView.swift */ = {isa = PBXFileReference; lastKnownFileType = sourcecode.swift; path = PostCodeInputView.swift; sourceTree = "<group>"; };
		03FFF2A82ACDAE7A00B81D65 /* PostCodeView.swift */ = {isa = PBXFileReference; lastKnownFileType = sourcecode.swift; path = PostCodeView.swift; sourceTree = "<group>"; };
		70D299492AC573B3009F536A /* CameraViewer.swift */ = {isa = PBXFileReference; lastKnownFileType = sourcecode.swift; path = CameraViewer.swift; sourceTree = "<group>"; };
		70D2994B2AC573BC009F536A /* CameraManager.swift */ = {isa = PBXFileReference; lastKnownFileType = sourcecode.swift; path = CameraManager.swift; sourceTree = "<group>"; };
		70D299502AC9617D009F536A /* PrepareIDCardView.swift */ = {isa = PBXFileReference; lastKnownFileType = sourcecode.swift; path = PrepareIDCardView.swift; sourceTree = "<group>"; };
		70D299522AC961AB009F536A /* TakeIDCardView.swift */ = {isa = PBXFileReference; lastKnownFileType = sourcecode.swift; path = TakeIDCardView.swift; sourceTree = "<group>"; };
		70D299542AC961BB009F536A /* ConfirmIDCardView.swift */ = {isa = PBXFileReference; lastKnownFileType = sourcecode.swift; path = ConfirmIDCardView.swift; sourceTree = "<group>"; };
		7337E1E72AD04B1700D91E6F /* TextStyle+Extension.swift */ = {isa = PBXFileReference; lastKnownFileType = sourcecode.swift; path = "TextStyle+Extension.swift"; sourceTree = "<group>"; };
		737EE3502ABD646100D224FC /* Onbom.app */ = {isa = PBXFileReference; explicitFileType = wrapper.application; includeInIndex = 0; path = Onbom.app; sourceTree = BUILT_PRODUCTS_DIR; };
		737EE3532ABD646100D224FC /* OnbomApp.swift */ = {isa = PBXFileReference; lastKnownFileType = sourcecode.swift; path = OnbomApp.swift; sourceTree = "<group>"; };
		737EE3552ABD646100D224FC /* ContentView.swift */ = {isa = PBXFileReference; lastKnownFileType = sourcecode.swift; path = ContentView.swift; sourceTree = "<group>"; };
		737EE3572ABD646200D224FC /* Assets.xcassets */ = {isa = PBXFileReference; lastKnownFileType = folder.assetcatalog; path = Assets.xcassets; sourceTree = "<group>"; };
		737EE35A2ABD646200D224FC /* Preview Assets.xcassets */ = {isa = PBXFileReference; lastKnownFileType = folder.assetcatalog; path = "Preview Assets.xcassets"; sourceTree = "<group>"; };
		7396F4622AD034D6000E8F1A /* MainView.swift */ = {isa = PBXFileReference; lastKnownFileType = sourcecode.swift; path = MainView.swift; sourceTree = "<group>"; };
		AE57BA122ABD695800F71B34 /* File.swift */ = {isa = PBXFileReference; lastKnownFileType = sourcecode.swift; path = File.swift; sourceTree = "<group>"; };
		AEB33E752AC2B0ED0082A3E7 /* PDFManager.swift */ = {isa = PBXFileReference; lastKnownFileType = sourcecode.swift; path = PDFManager.swift; sourceTree = "<group>"; };
		AEB33E782AC2BDAC0082A3E7 /* PDFViewer.swift */ = {isa = PBXFileReference; lastKnownFileType = sourcecode.swift; path = PDFViewer.swift; sourceTree = "<group>"; };
		AEB33E982AC3F7CE0082A3E7 /* LTCIForm.pdf */ = {isa = PBXFileReference; lastKnownFileType = image.pdf; path = LTCIForm.pdf; sourceTree = "<group>"; };
		AEB33E9A2AC406600082A3E7 /* Color+Palette.swift */ = {isa = PBXFileReference; lastKnownFileType = sourcecode.swift; path = "Color+Palette.swift"; sourceTree = "<group>"; };
		AEB33E9D2AC40C470082A3E7 /* InputField.swift */ = {isa = PBXFileReference; lastKnownFileType = sourcecode.swift; path = InputField.swift; sourceTree = "<group>"; };
/* End PBXFileReference section */

/* Begin PBXFrameworksBuildPhase section */
		737EE34D2ABD646100D224FC /* Frameworks */ = {
			isa = PBXFrameworksBuildPhase;
			buildActionMask = 2147483647;
			files = (
			);
			runOnlyForDeploymentPostprocessing = 0;
		};
/* End PBXFrameworksBuildPhase section */

/* Begin PBXGroup section */
		70D299482AC40E49009F536A /* Camera */ = {
			isa = PBXGroup;
			children = (
				70D2994B2AC573BC009F536A /* CameraManager.swift */,
				70D299492AC573B3009F536A /* CameraViewer.swift */,
			);
			path = Camera;
			sourceTree = "<group>";
		};
		70D2994F2AC96163009F536A /* IDCard */ = {
			isa = PBXGroup;
			children = (
				70D299502AC9617D009F536A /* PrepareIDCardView.swift */,
				70D299522AC961AB009F536A /* TakeIDCardView.swift */,
				70D299542AC961BB009F536A /* ConfirmIDCardView.swift */,
			);
			path = IDCard;
			sourceTree = "<group>";
		};
		737EE3472ABD646100D224FC = {
			isa = PBXGroup;
			children = (
				737EE3522ABD646100D224FC /* Onbom */,
				737EE3512ABD646100D224FC /* Products */,
			);
			sourceTree = "<group>";
		};
		737EE3512ABD646100D224FC /* Products */ = {
			isa = PBXGroup;
			children = (
				737EE3502ABD646100D224FC /* Onbom.app */,
			);
			name = Products;
			sourceTree = "<group>";
		};
		737EE3522ABD646100D224FC /* Onbom */ = {
			isa = PBXGroup;
			children = (
				AEB33E9C2AC40C360082A3E7 /* Components */,
				AE57BA0F2ABD690700F71B34 /* Resources */,
				AE57BA0E2ABD690100F71B34 /* Core */,
				AE57BA0D2ABD68FA00F71B34 /* Extensions */,
				AE57BA0C2ABD68ED00F71B34 /* Model */,
				AE57BA0B2ABD68E600F71B34 /* View */,
				737EE3532ABD646100D224FC /* OnbomApp.swift */,
				737EE3572ABD646200D224FC /* Assets.xcassets */,
				737EE3592ABD646200D224FC /* Preview Content */,
			);
			path = Onbom;
			sourceTree = "<group>";
		};
		737EE3592ABD646200D224FC /* Preview Content */ = {
			isa = PBXGroup;
			children = (
				737EE35A2ABD646200D224FC /* Preview Assets.xcassets */,
			);
			path = "Preview Content";
			sourceTree = "<group>";
		};
		AE57BA0B2ABD68E600F71B34 /* View */ = {
			isa = PBXGroup;
			children = (
				737EE3552ABD646100D224FC /* ContentView.swift */,
				70D2994F2AC96163009F536A /* IDCard */,
				03D759352ACDA17400495D7F /* PostCodeInputView.swift */,
				03FFF2A82ACDAE7A00B81D65 /* PostCodeView.swift */,
				7396F4622AD034D6000E8F1A /* MainView.swift */,
			);
			path = View;
			sourceTree = "<group>";
		};
		AE57BA0C2ABD68ED00F71B34 /* Model */ = {
			isa = PBXGroup;
			children = (
				AE57BA122ABD695800F71B34 /* File.swift */,
			);
			path = Model;
			sourceTree = "<group>";
		};
		AE57BA0D2ABD68FA00F71B34 /* Extensions */ = {
			isa = PBXGroup;
			children = (
				AEB33E9A2AC406600082A3E7 /* Color+Palette.swift */,
				7337E1E72AD04B1700D91E6F /* TextStyle+Extension.swift */,
			);
			path = Extensions;
			sourceTree = "<group>";
		};
		AE57BA0E2ABD690100F71B34 /* Core */ = {
			isa = PBXGroup;
			children = (
				70D299482AC40E49009F536A /* Camera */,
				AEB33E752AC2B0ED0082A3E7 /* PDFManager.swift */,
				AEB33E782AC2BDAC0082A3E7 /* PDFViewer.swift */,
			);
			path = Core;
			sourceTree = "<group>";
		};
		AE57BA0F2ABD690700F71B34 /* Resources */ = {
			isa = PBXGroup;
			children = (
				AEB33E982AC3F7CE0082A3E7 /* LTCIForm.pdf */,
			);
			path = Resources;
			sourceTree = "<group>";
		};
		AEB33E9C2AC40C360082A3E7 /* Components */ = {
			isa = PBXGroup;
			children = (
				AEB33E9D2AC40C470082A3E7 /* InputField.swift */,
			);
			path = Components;
			sourceTree = "<group>";
		};
/* End PBXGroup section */

/* Begin PBXNativeTarget section */
		737EE34F2ABD646100D224FC /* Onbom */ = {
			isa = PBXNativeTarget;
			buildConfigurationList = 737EE35E2ABD646200D224FC /* Build configuration list for PBXNativeTarget "Onbom" */;
			buildPhases = (
				737EE34C2ABD646100D224FC /* Sources */,
				737EE34D2ABD646100D224FC /* Frameworks */,
				737EE34E2ABD646100D224FC /* Resources */,
			);
			buildRules = (
			);
			dependencies = (
			);
			name = Onbom;
			productName = Onbom;
			productReference = 737EE3502ABD646100D224FC /* Onbom.app */;
			productType = "com.apple.product-type.application";
		};
/* End PBXNativeTarget section */

/* Begin PBXProject section */
		737EE3482ABD646100D224FC /* Project object */ = {
			isa = PBXProject;
			attributes = {
				BuildIndependentTargetsInParallel = 1;
				LastSwiftUpdateCheck = 1430;
				LastUpgradeCheck = 1430;
				TargetAttributes = {
					737EE34F2ABD646100D224FC = {
						CreatedOnToolsVersion = 14.3.1;
					};
				};
			};
			buildConfigurationList = 737EE34B2ABD646100D224FC /* Build configuration list for PBXProject "Onbom" */;
			compatibilityVersion = "Xcode 14.0";
			developmentRegion = en;
			hasScannedForEncodings = 0;
			knownRegions = (
				en,
				Base,
			);
			mainGroup = 737EE3472ABD646100D224FC;
			productRefGroup = 737EE3512ABD646100D224FC /* Products */;
			projectDirPath = "";
			projectRoot = "";
			targets = (
				737EE34F2ABD646100D224FC /* Onbom */,
			);
		};
/* End PBXProject section */

/* Begin PBXResourcesBuildPhase section */
		737EE34E2ABD646100D224FC /* Resources */ = {
			isa = PBXResourcesBuildPhase;
			buildActionMask = 2147483647;
			files = (
				AEB33E992AC3F7CE0082A3E7 /* LTCIForm.pdf in Resources */,
				737EE35B2ABD646200D224FC /* Preview Assets.xcassets in Resources */,
				737EE3582ABD646200D224FC /* Assets.xcassets in Resources */,
			);
			runOnlyForDeploymentPostprocessing = 0;
		};
/* End PBXResourcesBuildPhase section */

/* Begin PBXSourcesBuildPhase section */
		737EE34C2ABD646100D224FC /* Sources */ = {
			isa = PBXSourcesBuildPhase;
			buildActionMask = 2147483647;
			files = (
				737EE3562ABD646100D224FC /* ContentView.swift in Sources */,
				70D299532AC961AB009F536A /* TakeIDCardView.swift in Sources */,
				7337E1E82AD04B1700D91E6F /* TextStyle+Extension.swift in Sources */,
				70D299552AC961BB009F536A /* ConfirmIDCardView.swift in Sources */,
				AEB33E762AC2B0ED0082A3E7 /* PDFManager.swift in Sources */,
				70D299512AC9617D009F536A /* PrepareIDCardView.swift in Sources */,
				AEB33E792AC2BDAC0082A3E7 /* PDFViewer.swift in Sources */,
				70D2994A2AC573B3009F536A /* CameraViewer.swift in Sources */,
				70D2994C2AC573BC009F536A /* CameraManager.swift in Sources */,
				03FFF2A92ACDAE7A00B81D65 /* PostCodeView.swift in Sources */,
				7396F4632AD034D6000E8F1A /* MainView.swift in Sources */,
				AEB33E762AC2B0ED0082A3E7 /* PDFManager.swift in Sources */,
				03D759362ACDA17400495D7F /* PostCodeInputView.swift in Sources */,
				AEB33E792AC2BDAC0082A3E7 /* PDFViewer.swift in Sources */,
				AEB33E9B2AC406600082A3E7 /* Color+Palette.swift in Sources */,
				737EE3542ABD646100D224FC /* OnbomApp.swift in Sources */,
				AEB33E9E2AC40C470082A3E7 /* InputField.swift in Sources */,
			);
			runOnlyForDeploymentPostprocessing = 0;
		};
/* End PBXSourcesBuildPhase section */

/* Begin XCBuildConfiguration section */
		737EE35C2ABD646200D224FC /* Debug */ = {
			isa = XCBuildConfiguration;
			buildSettings = {
				ALWAYS_SEARCH_USER_PATHS = NO;
				CLANG_ANALYZER_NONNULL = YES;
				CLANG_ANALYZER_NUMBER_OBJECT_CONVERSION = YES_AGGRESSIVE;
				CLANG_CXX_LANGUAGE_STANDARD = "gnu++20";
				CLANG_ENABLE_MODULES = YES;
				CLANG_ENABLE_OBJC_ARC = YES;
				CLANG_ENABLE_OBJC_WEAK = YES;
				CLANG_WARN_BLOCK_CAPTURE_AUTORELEASING = YES;
				CLANG_WARN_BOOL_CONVERSION = YES;
				CLANG_WARN_COMMA = YES;
				CLANG_WARN_CONSTANT_CONVERSION = YES;
				CLANG_WARN_DEPRECATED_OBJC_IMPLEMENTATIONS = YES;
				CLANG_WARN_DIRECT_OBJC_ISA_USAGE = YES_ERROR;
				CLANG_WARN_DOCUMENTATION_COMMENTS = YES;
				CLANG_WARN_EMPTY_BODY = YES;
				CLANG_WARN_ENUM_CONVERSION = YES;
				CLANG_WARN_INFINITE_RECURSION = YES;
				CLANG_WARN_INT_CONVERSION = YES;
				CLANG_WARN_NON_LITERAL_NULL_CONVERSION = YES;
				CLANG_WARN_OBJC_IMPLICIT_RETAIN_SELF = YES;
				CLANG_WARN_OBJC_LITERAL_CONVERSION = YES;
				CLANG_WARN_OBJC_ROOT_CLASS = YES_ERROR;
				CLANG_WARN_QUOTED_INCLUDE_IN_FRAMEWORK_HEADER = YES;
				CLANG_WARN_RANGE_LOOP_ANALYSIS = YES;
				CLANG_WARN_STRICT_PROTOTYPES = YES;
				CLANG_WARN_SUSPICIOUS_MOVE = YES;
				CLANG_WARN_UNGUARDED_AVAILABILITY = YES_AGGRESSIVE;
				CLANG_WARN_UNREACHABLE_CODE = YES;
				CLANG_WARN__DUPLICATE_METHOD_MATCH = YES;
				COPY_PHASE_STRIP = NO;
				DEBUG_INFORMATION_FORMAT = dwarf;
				ENABLE_STRICT_OBJC_MSGSEND = YES;
				ENABLE_TESTABILITY = YES;
				GCC_C_LANGUAGE_STANDARD = gnu11;
				GCC_DYNAMIC_NO_PIC = NO;
				GCC_NO_COMMON_BLOCKS = YES;
				GCC_OPTIMIZATION_LEVEL = 0;
				GCC_PREPROCESSOR_DEFINITIONS = (
					"DEBUG=1",
					"$(inherited)",
				);
				GCC_WARN_64_TO_32_BIT_CONVERSION = YES;
				GCC_WARN_ABOUT_RETURN_TYPE = YES_ERROR;
				GCC_WARN_UNDECLARED_SELECTOR = YES;
				GCC_WARN_UNINITIALIZED_AUTOS = YES_AGGRESSIVE;
				GCC_WARN_UNUSED_FUNCTION = YES;
				GCC_WARN_UNUSED_VARIABLE = YES;
				IPHONEOS_DEPLOYMENT_TARGET = 16.4;
				MTL_ENABLE_DEBUG_INFO = INCLUDE_SOURCE;
				MTL_FAST_MATH = YES;
				ONLY_ACTIVE_ARCH = YES;
				SDKROOT = iphoneos;
				SWIFT_ACTIVE_COMPILATION_CONDITIONS = DEBUG;
				SWIFT_OPTIMIZATION_LEVEL = "-Onone";
			};
			name = Debug;
		};
		737EE35D2ABD646200D224FC /* Release */ = {
			isa = XCBuildConfiguration;
			buildSettings = {
				ALWAYS_SEARCH_USER_PATHS = NO;
				CLANG_ANALYZER_NONNULL = YES;
				CLANG_ANALYZER_NUMBER_OBJECT_CONVERSION = YES_AGGRESSIVE;
				CLANG_CXX_LANGUAGE_STANDARD = "gnu++20";
				CLANG_ENABLE_MODULES = YES;
				CLANG_ENABLE_OBJC_ARC = YES;
				CLANG_ENABLE_OBJC_WEAK = YES;
				CLANG_WARN_BLOCK_CAPTURE_AUTORELEASING = YES;
				CLANG_WARN_BOOL_CONVERSION = YES;
				CLANG_WARN_COMMA = YES;
				CLANG_WARN_CONSTANT_CONVERSION = YES;
				CLANG_WARN_DEPRECATED_OBJC_IMPLEMENTATIONS = YES;
				CLANG_WARN_DIRECT_OBJC_ISA_USAGE = YES_ERROR;
				CLANG_WARN_DOCUMENTATION_COMMENTS = YES;
				CLANG_WARN_EMPTY_BODY = YES;
				CLANG_WARN_ENUM_CONVERSION = YES;
				CLANG_WARN_INFINITE_RECURSION = YES;
				CLANG_WARN_INT_CONVERSION = YES;
				CLANG_WARN_NON_LITERAL_NULL_CONVERSION = YES;
				CLANG_WARN_OBJC_IMPLICIT_RETAIN_SELF = YES;
				CLANG_WARN_OBJC_LITERAL_CONVERSION = YES;
				CLANG_WARN_OBJC_ROOT_CLASS = YES_ERROR;
				CLANG_WARN_QUOTED_INCLUDE_IN_FRAMEWORK_HEADER = YES;
				CLANG_WARN_RANGE_LOOP_ANALYSIS = YES;
				CLANG_WARN_STRICT_PROTOTYPES = YES;
				CLANG_WARN_SUSPICIOUS_MOVE = YES;
				CLANG_WARN_UNGUARDED_AVAILABILITY = YES_AGGRESSIVE;
				CLANG_WARN_UNREACHABLE_CODE = YES;
				CLANG_WARN__DUPLICATE_METHOD_MATCH = YES;
				COPY_PHASE_STRIP = NO;
				DEBUG_INFORMATION_FORMAT = "dwarf-with-dsym";
				ENABLE_NS_ASSERTIONS = NO;
				ENABLE_STRICT_OBJC_MSGSEND = YES;
				GCC_C_LANGUAGE_STANDARD = gnu11;
				GCC_NO_COMMON_BLOCKS = YES;
				GCC_WARN_64_TO_32_BIT_CONVERSION = YES;
				GCC_WARN_ABOUT_RETURN_TYPE = YES_ERROR;
				GCC_WARN_UNDECLARED_SELECTOR = YES;
				GCC_WARN_UNINITIALIZED_AUTOS = YES_AGGRESSIVE;
				GCC_WARN_UNUSED_FUNCTION = YES;
				GCC_WARN_UNUSED_VARIABLE = YES;
				IPHONEOS_DEPLOYMENT_TARGET = 16.4;
				MTL_ENABLE_DEBUG_INFO = NO;
				MTL_FAST_MATH = YES;
				SDKROOT = iphoneos;
				SWIFT_COMPILATION_MODE = wholemodule;
				SWIFT_OPTIMIZATION_LEVEL = "-O";
				VALIDATE_PRODUCT = YES;
			};
			name = Release;
		};
		737EE35F2ABD646200D224FC /* Debug */ = {
			isa = XCBuildConfiguration;
			buildSettings = {
				ASSETCATALOG_COMPILER_APPICON_NAME = AppIcon;
				ASSETCATALOG_COMPILER_GLOBAL_ACCENT_COLOR_NAME = AccentColor;
				CODE_SIGN_STYLE = Automatic;
				CURRENT_PROJECT_VERSION = 1;
				DEVELOPMENT_ASSET_PATHS = "\"Onbom/Preview Content\"";
				DEVELOPMENT_TEAM = 3FD7AHY7SL;
				ENABLE_PREVIEWS = YES;
				GENERATE_INFOPLIST_FILE = YES;
				INFOPLIST_KEY_NSCameraUsageDescription = "신분증을 인식하기 위해 카메라를 사용합니다";
				INFOPLIST_KEY_UIApplicationSceneManifest_Generation = YES;
				INFOPLIST_KEY_UIApplicationSupportsIndirectInputEvents = YES;
				INFOPLIST_KEY_UILaunchScreen_Generation = YES;
				INFOPLIST_KEY_UISupportedInterfaceOrientations_iPad = "UIInterfaceOrientationPortrait UIInterfaceOrientationPortraitUpsideDown UIInterfaceOrientationLandscapeLeft UIInterfaceOrientationLandscapeRight";
				INFOPLIST_KEY_UISupportedInterfaceOrientations_iPhone = "UIInterfaceOrientationPortrait UIInterfaceOrientationLandscapeLeft UIInterfaceOrientationLandscapeRight";
				IPHONEOS_DEPLOYMENT_TARGET = 16.4;
				LD_RUNPATH_SEARCH_PATHS = (
					"$(inherited)",
					"@executable_path/Frameworks",
				);
				MARKETING_VERSION = 1.0;
				PRODUCT_BUNDLE_IDENTIFIER = Nutty.Onbom;
				PRODUCT_NAME = "$(TARGET_NAME)";
				SWIFT_EMIT_LOC_STRINGS = YES;
				SWIFT_VERSION = 5.0;
				TARGETED_DEVICE_FAMILY = "1,2";
			};
			name = Debug;
		};
		737EE3602ABD646200D224FC /* Release */ = {
			isa = XCBuildConfiguration;
			buildSettings = {
				ASSETCATALOG_COMPILER_APPICON_NAME = AppIcon;
				ASSETCATALOG_COMPILER_GLOBAL_ACCENT_COLOR_NAME = AccentColor;
				CODE_SIGN_STYLE = Automatic;
				CURRENT_PROJECT_VERSION = 1;
				DEVELOPMENT_ASSET_PATHS = "\"Onbom/Preview Content\"";
				DEVELOPMENT_TEAM = 3FD7AHY7SL;
				ENABLE_PREVIEWS = YES;
				GENERATE_INFOPLIST_FILE = YES;
				INFOPLIST_KEY_NSCameraUsageDescription = "신분증을 인식하기 위해 카메라를 사용합니다";
				INFOPLIST_KEY_UIApplicationSceneManifest_Generation = YES;
				INFOPLIST_KEY_UIApplicationSupportsIndirectInputEvents = YES;
				INFOPLIST_KEY_UILaunchScreen_Generation = YES;
				INFOPLIST_KEY_UISupportedInterfaceOrientations_iPad = "UIInterfaceOrientationPortrait UIInterfaceOrientationPortraitUpsideDown UIInterfaceOrientationLandscapeLeft UIInterfaceOrientationLandscapeRight";
				INFOPLIST_KEY_UISupportedInterfaceOrientations_iPhone = "UIInterfaceOrientationPortrait UIInterfaceOrientationLandscapeLeft UIInterfaceOrientationLandscapeRight";
				IPHONEOS_DEPLOYMENT_TARGET = 16.4;
				LD_RUNPATH_SEARCH_PATHS = (
					"$(inherited)",
					"@executable_path/Frameworks",
				);
				MARKETING_VERSION = 1.0;
				PRODUCT_BUNDLE_IDENTIFIER = Nutty.Onbom;
				PRODUCT_NAME = "$(TARGET_NAME)";
				SWIFT_EMIT_LOC_STRINGS = YES;
				SWIFT_VERSION = 5.0;
				TARGETED_DEVICE_FAMILY = "1,2";
			};
			name = Release;
		};
/* End XCBuildConfiguration section */

/* Begin XCConfigurationList section */
		737EE34B2ABD646100D224FC /* Build configuration list for PBXProject "Onbom" */ = {
			isa = XCConfigurationList;
			buildConfigurations = (
				737EE35C2ABD646200D224FC /* Debug */,
				737EE35D2ABD646200D224FC /* Release */,
			);
			defaultConfigurationIsVisible = 0;
			defaultConfigurationName = Release;
		};
		737EE35E2ABD646200D224FC /* Build configuration list for PBXNativeTarget "Onbom" */ = {
			isa = XCConfigurationList;
			buildConfigurations = (
				737EE35F2ABD646200D224FC /* Debug */,
				737EE3602ABD646200D224FC /* Release */,
			);
			defaultConfigurationIsVisible = 0;
			defaultConfigurationName = Release;
		};
/* End XCConfigurationList section */
	};
	rootObject = 737EE3482ABD646100D224FC /* Project object */;
}
