// !$*UTF8*$!
{
	archiveVersion = 1;
	classes = {
	};
	objectVersion = 56;
	objects = {

/* Begin PBXBuildFile section */
		03092D0A2B04F895006884A5 /* MyInfoView.swift in Sources */ = {isa = PBXBuildFile; fileRef = 03092D092B04F895006884A5 /* MyInfoView.swift */; };
		03D759362ACDA17400495D7F /* PostCodeInputView.swift in Sources */ = {isa = PBXBuildFile; fileRef = 03D759352ACDA17400495D7F /* PostCodeInputView.swift */; };
		03FB0B2F2B0368A700DC1129 /* PatientInfoCompleteView.swift in Sources */ = {isa = PBXBuildFile; fileRef = 03FB0B2E2B0368A700DC1129 /* PatientInfoCompleteView.swift */; };
		03FFF2A92ACDAE7A00B81D65 /* PostCodeViewer.swift in Sources */ = {isa = PBXBuildFile; fileRef = 03FFF2A82ACDAE7A00B81D65 /* PostCodeViewer.swift */; };
		03FFF2BB2AD5B74E00B81D65 /* CTAButton.swift in Sources */ = {isa = PBXBuildFile; fileRef = 03FFF2BA2AD5B74E00B81D65 /* CTAButton.swift */; };
		03FFF2C92ADD60EF00B81D65 /* RadioButton.swift in Sources */ = {isa = PBXBuildFile; fileRef = 03FFF2C82ADD60EF00B81D65 /* RadioButton.swift */; };
		03FFF2CB2ADD614900B81D65 /* Alert.swift in Sources */ = {isa = PBXBuildFile; fileRef = 03FFF2CA2ADD614900B81D65 /* Alert.swift */; };
		03FFF2D12AE6AD2C00B81D65 /* SubmitLoadingView.swift in Sources */ = {isa = PBXBuildFile; fileRef = 03FFF2D02AE6AD2B00B81D65 /* SubmitLoadingView.swift */; };
		03FFF2D32AE6B4A600B81D65 /* SubmitView.swift in Sources */ = {isa = PBXBuildFile; fileRef = 03FFF2D22AE6B4A600B81D65 /* SubmitView.swift */; };
		702872662AF737A500061AD4 /* String+Validation.swift in Sources */ = {isa = PBXBuildFile; fileRef = 702872652AF737A500061AD4 /* String+Validation.swift */; };
		702D35AA2ADBBD31008FE1F8 /* Patient.swift in Sources */ = {isa = PBXBuildFile; fileRef = 702D35A92ADBBD31008FE1F8 /* Patient.swift */; };
		708891EB2AD55191005B67AB /* AddressFormView.swift in Sources */ = {isa = PBXBuildFile; fileRef = 708891EA2AD55191005B67AB /* AddressFormView.swift */; };
		708891F12AD55607005B67AB /* CityAddressInputField.swift in Sources */ = {isa = PBXBuildFile; fileRef = 708891F02AD55607005B67AB /* CityAddressInputField.swift */; };
		708891F32AD57B91005B67AB /* SubmitCheckListView.swift in Sources */ = {isa = PBXBuildFile; fileRef = 708891F22AD57B91005B67AB /* SubmitCheckListView.swift */; };
		709697CE2ADBBF4000DB8B19 /* IDCardConfirmEditView.swift in Sources */ = {isa = PBXBuildFile; fileRef = 709697CD2ADBBF4000DB8B19 /* IDCardConfirmEditView.swift */; };
		70AC25A52AF15BF900DBC4A0 /* TextRecognizable.swift in Sources */ = {isa = PBXBuildFile; fileRef = 70AC25A42AF15BF900DBC4A0 /* TextRecognizable.swift */; };
		70AC25A72AF15C2C00DBC4A0 /* DocumentTextRecognizer.swift in Sources */ = {isa = PBXBuildFile; fileRef = 70AC25A62AF15C2C00DBC4A0 /* DocumentTextRecognizer.swift */; };
		70AC25A92AF15C5E00DBC4A0 /* RectangleDetectable.swift in Sources */ = {isa = PBXBuildFile; fileRef = 70AC25A82AF15C5E00DBC4A0 /* RectangleDetectable.swift */; };
		70AC25AB2AF15CA300DBC4A0 /* DocumentDetector.swift in Sources */ = {isa = PBXBuildFile; fileRef = 70AC25AA2AF15CA300DBC4A0 /* DocumentDetector.swift */; };
		70AC25B02AF226EE00DBC4A0 /* IDCardCameraManager.swift in Sources */ = {isa = PBXBuildFile; fileRef = 70AC25AF2AF226EE00DBC4A0 /* IDCardCameraManager.swift */; };
		70AC25B32AF2272200DBC4A0 /* IDCardCameraViewer.swift in Sources */ = {isa = PBXBuildFile; fileRef = 70AC25B22AF2272200DBC4A0 /* IDCardCameraViewer.swift */; };
		70B136C42AD589CB001208E3 /* Pretendard-Regular.otf in Resources */ = {isa = PBXBuildFile; fileRef = 70B136BB2AD589CB001208E3 /* Pretendard-Regular.otf */; };
		70B136C52AD589CB001208E3 /* Pretendard-Black.otf in Resources */ = {isa = PBXBuildFile; fileRef = 70B136BC2AD589CB001208E3 /* Pretendard-Black.otf */; };
		70B136C62AD589CB001208E3 /* Pretendard-Medium.otf in Resources */ = {isa = PBXBuildFile; fileRef = 70B136BD2AD589CB001208E3 /* Pretendard-Medium.otf */; };
		70B136C72AD589CB001208E3 /* Pretendard-Light.otf in Resources */ = {isa = PBXBuildFile; fileRef = 70B136BE2AD589CB001208E3 /* Pretendard-Light.otf */; };
		70B136C82AD589CB001208E3 /* Pretendard-ExtraBold.otf in Resources */ = {isa = PBXBuildFile; fileRef = 70B136BF2AD589CB001208E3 /* Pretendard-ExtraBold.otf */; };
		70B136C92AD589CB001208E3 /* Pretendard-Bold.otf in Resources */ = {isa = PBXBuildFile; fileRef = 70B136C02AD589CB001208E3 /* Pretendard-Bold.otf */; };
		70B136CA2AD589CB001208E3 /* Pretendard-Thin.otf in Resources */ = {isa = PBXBuildFile; fileRef = 70B136C12AD589CB001208E3 /* Pretendard-Thin.otf */; };
		70B136CB2AD589CB001208E3 /* Pretendard-ExtraLight.otf in Resources */ = {isa = PBXBuildFile; fileRef = 70B136C22AD589CB001208E3 /* Pretendard-ExtraLight.otf */; };
		70B136CC2AD589CB001208E3 /* Pretendard-SemiBold.otf in Resources */ = {isa = PBXBuildFile; fileRef = 70B136C32AD589CB001208E3 /* Pretendard-SemiBold.otf */; };
		70C423732AD4354000D660B7 /* IDCardTextRecognizer.swift in Sources */ = {isa = PBXBuildFile; fileRef = 70C423722AD4354000D660B7 /* IDCardTextRecognizer.swift */; };
		70C423752AD4362400D660B7 /* IDCardDetector.swift in Sources */ = {isa = PBXBuildFile; fileRef = 70C423742AD4362400D660B7 /* IDCardDetector.swift */; };
		70D2994A2AC573B3009F536A /* DocumentCameraViewer.swift in Sources */ = {isa = PBXBuildFile; fileRef = 70D299492AC573B3009F536A /* DocumentCameraViewer.swift */; };
		70D2994C2AC573BC009F536A /* CameraManager.swift in Sources */ = {isa = PBXBuildFile; fileRef = 70D2994B2AC573BC009F536A /* CameraManager.swift */; };
		70D299512AC9617D009F536A /* IDCardDescriptionView.swift in Sources */ = {isa = PBXBuildFile; fileRef = 70D299502AC9617D009F536A /* IDCardDescriptionView.swift */; };
		70D299532AC961AB009F536A /* IDCardOCRView.swift in Sources */ = {isa = PBXBuildFile; fileRef = 70D299522AC961AB009F536A /* IDCardOCRView.swift */; };
		70E047052AD5023000FC73A5 /* NavigationBarBackButton.swift in Sources */ = {isa = PBXBuildFile; fileRef = 70E047042AD5023000FC73A5 /* NavigationBarBackButton.swift */; };
		70E047072AD5135F00FC73A5 /* NumberInputField.swift in Sources */ = {isa = PBXBuildFile; fileRef = 70E047062AD5135F00FC73A5 /* NumberInputField.swift */; };
		70E047092AD5138300FC73A5 /* PhoneNumberInputField.swift in Sources */ = {isa = PBXBuildFile; fileRef = 70E047082AD5138300FC73A5 /* PhoneNumberInputField.swift */; };
		70E0470B2AD5139200FC73A5 /* IDNumberInputField.swift in Sources */ = {isa = PBXBuildFile; fileRef = 70E0470A2AD5139200FC73A5 /* IDNumberInputField.swift */; };
		70E0470D2AD513BC00FC73A5 /* AddressInputField.swift in Sources */ = {isa = PBXBuildFile; fileRef = 70E0470C2AD513BC00FC73A5 /* AddressInputField.swift */; };
		70F9E1E02B03662300AACBCA /* ArticleDetailView.swift in Sources */ = {isa = PBXBuildFile; fileRef = 70F9E1DF2B03662300AACBCA /* ArticleDetailView.swift */; };
		70F9E1E32B047D4B00AACBCA /* ArticleListView.swift in Sources */ = {isa = PBXBuildFile; fileRef = 70F9E1E22B047D4B00AACBCA /* ArticleListView.swift */; };
		73007CC12AEBA5B600376511 /* Agent.swift in Sources */ = {isa = PBXBuildFile; fileRef = 73007CC02AEBA5B600376511 /* Agent.swift */; };
		73007CC32AEBA5BB00376511 /* Address.swift in Sources */ = {isa = PBXBuildFile; fileRef = 73007CC22AEBA5BB00376511 /* Address.swift */; };
		731609682AD838FB00399476 /* StepView.swift in Sources */ = {isa = PBXBuildFile; fileRef = 731609672AD838FB00399476 /* StepView.swift */; };
		731EB7452AF9323B00931952 /* ApplyHistoryView.swift in Sources */ = {isa = PBXBuildFile; fileRef = 731EB7442AF9323B00931952 /* ApplyHistoryView.swift */; };
		731EB7472AF9ED9A00931952 /* MainViewModel.swift in Sources */ = {isa = PBXBuildFile; fileRef = 731EB7462AF9ED9A00931952 /* MainViewModel.swift */; };
		7337E1E82AD04B1700D91E6F /* TextStyle+Extension.swift in Sources */ = {isa = PBXBuildFile; fileRef = 7337E1E72AD04B1700D91E6F /* TextStyle+Extension.swift */; };
		7337E1EF2AD1531700D91E6F /* ApplyTypeView.swift in Sources */ = {isa = PBXBuildFile; fileRef = 7337E1EE2AD1531700D91E6F /* ApplyTypeView.swift */; };
		73525BF52AE6445E00A73769 /* CustomTabBarView.swift in Sources */ = {isa = PBXBuildFile; fileRef = 73525BF42AE6445E00A73769 /* CustomTabBarView.swift */; };
		73525BF72AE68AF500A73769 /* OnboardingView.swift in Sources */ = {isa = PBXBuildFile; fileRef = 73525BF62AE68AF500A73769 /* OnboardingView.swift */; };
		735ADB2F2AD5AC4E0069B94B /* MediConditionView.swift in Sources */ = {isa = PBXBuildFile; fileRef = 735ADB2E2AD5AC4E0069B94B /* MediConditionView.swift */; };
		735EE1B42AC029A900AD8B8D /* LoginView.swift in Sources */ = {isa = PBXBuildFile; fileRef = 735EE1B32AC029A900AD8B8D /* LoginView.swift */; };
		735EE1B62AC02AA200AD8B8D /* AuthenticationViewModel.swift in Sources */ = {isa = PBXBuildFile; fileRef = 735EE1B52AC02AA200AD8B8D /* AuthenticationViewModel.swift */; };
		7372273E2AD2FB340021EFC6 /* MediHistoryView.swift in Sources */ = {isa = PBXBuildFile; fileRef = 7372273D2AD2FB340021EFC6 /* MediHistoryView.swift */; };
		737227402AD30BBE0021EFC6 /* RejectView.swift in Sources */ = {isa = PBXBuildFile; fileRef = 7372273F2AD30BBE0021EFC6 /* RejectView.swift */; };
		737227422AD323360021EFC6 /* PatientInfoView.swift in Sources */ = {isa = PBXBuildFile; fileRef = 737227412AD323360021EFC6 /* PatientInfoView.swift */; };
		737227442AD474E50021EFC6 /* View+Extension.swift in Sources */ = {isa = PBXBuildFile; fileRef = 737227432AD474E50021EFC6 /* View+Extension.swift */; };
		7372274C2AD476200021EFC6 /* ViewModifier.swift in Sources */ = {isa = PBXBuildFile; fileRef = 7372274B2AD476200021EFC6 /* ViewModifier.swift */; };
		7372274F2AD476AD0021EFC6 /* FormTextField.swift in Sources */ = {isa = PBXBuildFile; fileRef = 7372274E2AD476AD0021EFC6 /* FormTextField.swift */; };
		737D49032ACB3F4F008AC5EC /* MainView.swift in Sources */ = {isa = PBXBuildFile; fileRef = 737D49022ACB3F4F008AC5EC /* MainView.swift */; };
		737EE3542ABD646100D224FC /* OnbomApp.swift in Sources */ = {isa = PBXBuildFile; fileRef = 737EE3532ABD646100D224FC /* OnbomApp.swift */; };
		737EE3582ABD646200D224FC /* Assets.xcassets in Resources */ = {isa = PBXBuildFile; fileRef = 737EE3572ABD646200D224FC /* Assets.xcassets */; };
		737EE35B2ABD646200D224FC /* Preview Assets.xcassets in Resources */ = {isa = PBXBuildFile; fileRef = 737EE35A2ABD646200D224FC /* Preview Assets.xcassets */; };
		737FFBA02AFC8E1900FCCB17 /* String+Validation.swift in Sources */ = {isa = PBXBuildFile; fileRef = 702872652AF737A500061AD4 /* String+Validation.swift */; };
		7384DB082AEACB950034E7FD /* CustomNavigationBar.swift in Sources */ = {isa = PBXBuildFile; fileRef = 7384DB072AEACB950034E7FD /* CustomNavigationBar.swift */; };
		7386D33F2AEFF1E600E1F327 /* PatientInfoViewModelTests.swift in Sources */ = {isa = PBXBuildFile; fileRef = 7386D33E2AEFF1E600E1F327 /* PatientInfoViewModelTests.swift */; };
		7389872F2AD5E95A00688634 /* MediConditionViewModel.swift in Sources */ = {isa = PBXBuildFile; fileRef = 7389872E2AD5E95A00688634 /* MediConditionViewModel.swift */; };
		73A708892ACEC605004B462B /* GoogleService-Info.plist in Resources */ = {isa = PBXBuildFile; fileRef = 73A708882ACEC605004B462B /* GoogleService-Info.plist */; };
		73A9D6932B065E9F001F8F39 /* GuideView.swift in Sources */ = {isa = PBXBuildFile; fileRef = 73A9D6922B065E9F001F8F39 /* GuideView.swift */; };
		73A9D6952B065F14001F8F39 /* LTCICardFront.swift in Sources */ = {isa = PBXBuildFile; fileRef = 73A9D6942B065F14001F8F39 /* LTCICardFront.swift */; };
		73A9D6972B065F60001F8F39 /* AdBanner.swift in Sources */ = {isa = PBXBuildFile; fileRef = 73A9D6962B065F60001F8F39 /* AdBanner.swift */; };
		73A9D6992B065FD5001F8F39 /* HomeNavigationBar.swift in Sources */ = {isa = PBXBuildFile; fileRef = 73A9D6982B065FD5001F8F39 /* HomeNavigationBar.swift */; };
		73A9D69B2B0661AF001F8F39 /* LTCICardBack.swift in Sources */ = {isa = PBXBuildFile; fileRef = 73A9D69A2B0661AF001F8F39 /* LTCICardBack.swift */; };
		73C58ABF2AEE1A8C00EA126A /* FirebaseStorageManager.swift in Sources */ = {isa = PBXBuildFile; fileRef = 73C58ABE2AEE1A8C00EA126A /* FirebaseStorageManager.swift */; };
		73C58AF82AEE238A00EA126A /* FirebaseStorage in Frameworks */ = {isa = PBXBuildFile; productRef = 73C58AF72AEE238A00EA126A /* FirebaseStorage */; };
		73F4D54C2AFC065200BEA671 /* StringValidateTests.swift in Sources */ = {isa = PBXBuildFile; fileRef = 73F4D54B2AFC065200BEA671 /* StringValidateTests.swift */; };
		73FD46D72ADAADCF002ED839 /* NavigationManager.swift in Sources */ = {isa = PBXBuildFile; fileRef = 73FD46D62ADAADCF002ED839 /* NavigationManager.swift */; };
		73FD46D92ADADF8C002ED839 /* HomeView.swift in Sources */ = {isa = PBXBuildFile; fileRef = 73FD46D82ADADF8C002ED839 /* HomeView.swift */; };
		AE0132D12AE5BFCF00347814 /* Dongle-Bold.ttf in Resources */ = {isa = PBXBuildFile; fileRef = AEDB39752AE5BE6F0034E57E /* Dongle-Bold.ttf */; };
		AE10D3902AD4D33C00D9ED3C /* SignatureView.swift in Sources */ = {isa = PBXBuildFile; fileRef = AE10D38F2AD4D33C00D9ED3C /* SignatureView.swift */; };
		AE10D3922AD4E1C900D9ED3C /* PrivacyPolicyView.swift in Sources */ = {isa = PBXBuildFile; fileRef = AE10D3912AD4E1C900D9ED3C /* PrivacyPolicyView.swift */; };
		AE2FFADB2AEFA141005DC43C /* CallTaxiView.swift in Sources */ = {isa = PBXBuildFile; fileRef = AE2FFADA2AEFA141005DC43C /* CallTaxiView.swift */; };
		AE5F71B52B03958700992CB7 /* PrivacyPolicyDetailView.swift in Sources */ = {isa = PBXBuildFile; fileRef = AE5F71B42B03958700992CB7 /* PrivacyPolicyDetailView.swift */; };
		AE933EDC2AD42E36003D87E6 /* AgentInfoView.swift in Sources */ = {isa = PBXBuildFile; fileRef = AE933EDB2AD42E36003D87E6 /* AgentInfoView.swift */; };
		AE933EDE2AD42E60003D87E6 /* AgentInfoDetailView.swift in Sources */ = {isa = PBXBuildFile; fileRef = AE933EDD2AD42E60003D87E6 /* AgentInfoDetailView.swift */; };
		AEA098F42AE6B13800DE9BA8 /* DescriptionView.swift in Sources */ = {isa = PBXBuildFile; fileRef = AEA098F32AE6B13800DE9BA8 /* DescriptionView.swift */; };
		AEB33E762AC2B0ED0082A3E7 /* PDFManager.swift in Sources */ = {isa = PBXBuildFile; fileRef = AEB33E752AC2B0ED0082A3E7 /* PDFManager.swift */; };
		AEB33E792AC2BDAC0082A3E7 /* PDFViewer.swift in Sources */ = {isa = PBXBuildFile; fileRef = AEB33E782AC2BDAC0082A3E7 /* PDFViewer.swift */; };
		AEB33E992AC3F7CE0082A3E7 /* LTCIForm.pdf in Resources */ = {isa = PBXBuildFile; fileRef = AEB33E982AC3F7CE0082A3E7 /* LTCIForm.pdf */; };
		AEB33E9B2AC406600082A3E7 /* Color+Palette.swift in Sources */ = {isa = PBXBuildFile; fileRef = AEB33E9A2AC406600082A3E7 /* Color+Palette.swift */; };
		AEB33E9E2AC40C470082A3E7 /* InputField.swift in Sources */ = {isa = PBXBuildFile; fileRef = AEB33E9D2AC40C470082A3E7 /* InputField.swift */; };
		AEB33EA92ACAADE00082A3E7 /* PDFFormLocation.swift in Sources */ = {isa = PBXBuildFile; fileRef = AEB33EA82ACAADE00082A3E7 /* PDFFormLocation.swift */; };
		AEB33EAC2ACD3D010082A3E7 /* DigitalSignatureManager.swift in Sources */ = {isa = PBXBuildFile; fileRef = AEB33EAB2ACD3D010082A3E7 /* DigitalSignatureManager.swift */; };
/* End PBXBuildFile section */

/* Begin PBXContainerItemProxy section */
		73F4D5412AFC019600BEA671 /* PBXContainerItemProxy */ = {
			isa = PBXContainerItemProxy;
			containerPortal = 737EE3482ABD646100D224FC /* Project object */;
			proxyType = 1;
			remoteGlobalIDString = 737EE34F2ABD646100D224FC;
			remoteInfo = Onbom;
		};
/* End PBXContainerItemProxy section */

/* Begin PBXFileReference section */
		03092D092B04F895006884A5 /* MyInfoView.swift */ = {isa = PBXFileReference; lastKnownFileType = sourcecode.swift; path = MyInfoView.swift; sourceTree = "<group>"; };
		03D759352ACDA17400495D7F /* PostCodeInputView.swift */ = {isa = PBXFileReference; lastKnownFileType = sourcecode.swift; path = PostCodeInputView.swift; sourceTree = "<group>"; };
		03FB0B2E2B0368A700DC1129 /* PatientInfoCompleteView.swift */ = {isa = PBXFileReference; lastKnownFileType = sourcecode.swift; path = PatientInfoCompleteView.swift; sourceTree = "<group>"; };
		03FFF2A82ACDAE7A00B81D65 /* PostCodeViewer.swift */ = {isa = PBXFileReference; lastKnownFileType = sourcecode.swift; path = PostCodeViewer.swift; sourceTree = "<group>"; };
		03FFF2BA2AD5B74E00B81D65 /* CTAButton.swift */ = {isa = PBXFileReference; lastKnownFileType = sourcecode.swift; path = CTAButton.swift; sourceTree = "<group>"; };
		03FFF2C82ADD60EF00B81D65 /* RadioButton.swift */ = {isa = PBXFileReference; lastKnownFileType = sourcecode.swift; path = RadioButton.swift; sourceTree = "<group>"; };
		03FFF2CA2ADD614900B81D65 /* Alert.swift */ = {isa = PBXFileReference; lastKnownFileType = sourcecode.swift; path = Alert.swift; sourceTree = "<group>"; };
		03FFF2D02AE6AD2B00B81D65 /* SubmitLoadingView.swift */ = {isa = PBXFileReference; lastKnownFileType = sourcecode.swift; path = SubmitLoadingView.swift; sourceTree = "<group>"; };
		03FFF2D22AE6B4A600B81D65 /* SubmitView.swift */ = {isa = PBXFileReference; lastKnownFileType = sourcecode.swift; path = SubmitView.swift; sourceTree = "<group>"; };
		702872642AF736C200061AD4 /* OnbomTests.xctest */ = {isa = PBXFileReference; explicitFileType = wrapper.cfbundle; includeInIndex = 0; path = OnbomTests.xctest; sourceTree = BUILT_PRODUCTS_DIR; };
		702872652AF737A500061AD4 /* String+Validation.swift */ = {isa = PBXFileReference; lastKnownFileType = sourcecode.swift; path = "String+Validation.swift"; sourceTree = "<group>"; };
		702D35A92ADBBD31008FE1F8 /* Patient.swift */ = {isa = PBXFileReference; fileEncoding = 4; lastKnownFileType = sourcecode.swift; path = Patient.swift; sourceTree = "<group>"; };
		708891EA2AD55191005B67AB /* AddressFormView.swift */ = {isa = PBXFileReference; lastKnownFileType = sourcecode.swift; path = AddressFormView.swift; sourceTree = "<group>"; };
		708891F02AD55607005B67AB /* CityAddressInputField.swift */ = {isa = PBXFileReference; lastKnownFileType = sourcecode.swift; path = CityAddressInputField.swift; sourceTree = "<group>"; };
		708891F22AD57B91005B67AB /* SubmitCheckListView.swift */ = {isa = PBXFileReference; lastKnownFileType = sourcecode.swift; path = SubmitCheckListView.swift; sourceTree = "<group>"; };
		709697CD2ADBBF4000DB8B19 /* IDCardConfirmEditView.swift */ = {isa = PBXFileReference; lastKnownFileType = sourcecode.swift; path = IDCardConfirmEditView.swift; sourceTree = "<group>"; };
		70AC25A42AF15BF900DBC4A0 /* TextRecognizable.swift */ = {isa = PBXFileReference; lastKnownFileType = sourcecode.swift; path = TextRecognizable.swift; sourceTree = "<group>"; };
		70AC25A62AF15C2C00DBC4A0 /* DocumentTextRecognizer.swift */ = {isa = PBXFileReference; lastKnownFileType = sourcecode.swift; path = DocumentTextRecognizer.swift; sourceTree = "<group>"; };
		70AC25A82AF15C5E00DBC4A0 /* RectangleDetectable.swift */ = {isa = PBXFileReference; lastKnownFileType = sourcecode.swift; path = RectangleDetectable.swift; sourceTree = "<group>"; };
		70AC25AA2AF15CA300DBC4A0 /* DocumentDetector.swift */ = {isa = PBXFileReference; lastKnownFileType = sourcecode.swift; path = DocumentDetector.swift; sourceTree = "<group>"; };
		70AC25AF2AF226EE00DBC4A0 /* IDCardCameraManager.swift */ = {isa = PBXFileReference; lastKnownFileType = sourcecode.swift; path = IDCardCameraManager.swift; sourceTree = "<group>"; };
		70AC25B22AF2272200DBC4A0 /* IDCardCameraViewer.swift */ = {isa = PBXFileReference; lastKnownFileType = sourcecode.swift; path = IDCardCameraViewer.swift; sourceTree = "<group>"; };
		70B136BB2AD589CB001208E3 /* Pretendard-Regular.otf */ = {isa = PBXFileReference; lastKnownFileType = file; path = "Pretendard-Regular.otf"; sourceTree = "<group>"; };
		70B136BC2AD589CB001208E3 /* Pretendard-Black.otf */ = {isa = PBXFileReference; lastKnownFileType = file; path = "Pretendard-Black.otf"; sourceTree = "<group>"; };
		70B136BD2AD589CB001208E3 /* Pretendard-Medium.otf */ = {isa = PBXFileReference; lastKnownFileType = file; path = "Pretendard-Medium.otf"; sourceTree = "<group>"; };
		70B136BE2AD589CB001208E3 /* Pretendard-Light.otf */ = {isa = PBXFileReference; lastKnownFileType = file; path = "Pretendard-Light.otf"; sourceTree = "<group>"; };
		70B136BF2AD589CB001208E3 /* Pretendard-ExtraBold.otf */ = {isa = PBXFileReference; lastKnownFileType = file; path = "Pretendard-ExtraBold.otf"; sourceTree = "<group>"; };
		70B136C02AD589CB001208E3 /* Pretendard-Bold.otf */ = {isa = PBXFileReference; lastKnownFileType = file; path = "Pretendard-Bold.otf"; sourceTree = "<group>"; };
		70B136C12AD589CB001208E3 /* Pretendard-Thin.otf */ = {isa = PBXFileReference; lastKnownFileType = file; path = "Pretendard-Thin.otf"; sourceTree = "<group>"; };
		70B136C22AD589CB001208E3 /* Pretendard-ExtraLight.otf */ = {isa = PBXFileReference; lastKnownFileType = file; path = "Pretendard-ExtraLight.otf"; sourceTree = "<group>"; };
		70B136C32AD589CB001208E3 /* Pretendard-SemiBold.otf */ = {isa = PBXFileReference; lastKnownFileType = file; path = "Pretendard-SemiBold.otf"; sourceTree = "<group>"; };
		70C423722AD4354000D660B7 /* IDCardTextRecognizer.swift */ = {isa = PBXFileReference; lastKnownFileType = sourcecode.swift; path = IDCardTextRecognizer.swift; sourceTree = "<group>"; };
		70C423742AD4362400D660B7 /* IDCardDetector.swift */ = {isa = PBXFileReference; lastKnownFileType = sourcecode.swift; path = IDCardDetector.swift; sourceTree = "<group>"; };
		70D299492AC573B3009F536A /* DocumentCameraViewer.swift */ = {isa = PBXFileReference; lastKnownFileType = sourcecode.swift; path = DocumentCameraViewer.swift; sourceTree = "<group>"; };
		70D2994B2AC573BC009F536A /* CameraManager.swift */ = {isa = PBXFileReference; lastKnownFileType = sourcecode.swift; path = CameraManager.swift; sourceTree = "<group>"; };
		70D299502AC9617D009F536A /* IDCardDescriptionView.swift */ = {isa = PBXFileReference; lastKnownFileType = sourcecode.swift; path = IDCardDescriptionView.swift; sourceTree = "<group>"; };
		70D299522AC961AB009F536A /* IDCardOCRView.swift */ = {isa = PBXFileReference; lastKnownFileType = sourcecode.swift; path = IDCardOCRView.swift; sourceTree = "<group>"; };
		70E047042AD5023000FC73A5 /* NavigationBarBackButton.swift */ = {isa = PBXFileReference; lastKnownFileType = sourcecode.swift; path = NavigationBarBackButton.swift; sourceTree = "<group>"; };
		70E047062AD5135F00FC73A5 /* NumberInputField.swift */ = {isa = PBXFileReference; lastKnownFileType = sourcecode.swift; path = NumberInputField.swift; sourceTree = "<group>"; };
		70E047082AD5138300FC73A5 /* PhoneNumberInputField.swift */ = {isa = PBXFileReference; lastKnownFileType = sourcecode.swift; path = PhoneNumberInputField.swift; sourceTree = "<group>"; };
		70E0470A2AD5139200FC73A5 /* IDNumberInputField.swift */ = {isa = PBXFileReference; lastKnownFileType = sourcecode.swift; path = IDNumberInputField.swift; sourceTree = "<group>"; };
		70E0470C2AD513BC00FC73A5 /* AddressInputField.swift */ = {isa = PBXFileReference; lastKnownFileType = sourcecode.swift; path = AddressInputField.swift; sourceTree = "<group>"; };
		70F9E1DF2B03662300AACBCA /* ArticleDetailView.swift */ = {isa = PBXFileReference; lastKnownFileType = sourcecode.swift; path = ArticleDetailView.swift; sourceTree = "<group>"; };
		70F9E1E22B047D4B00AACBCA /* ArticleListView.swift */ = {isa = PBXFileReference; lastKnownFileType = sourcecode.swift; path = ArticleListView.swift; sourceTree = "<group>"; };
		73007CC02AEBA5B600376511 /* Agent.swift */ = {isa = PBXFileReference; lastKnownFileType = sourcecode.swift; path = Agent.swift; sourceTree = "<group>"; };
		73007CC22AEBA5BB00376511 /* Address.swift */ = {isa = PBXFileReference; lastKnownFileType = sourcecode.swift; path = Address.swift; sourceTree = "<group>"; };
		731609672AD838FB00399476 /* StepView.swift */ = {isa = PBXFileReference; lastKnownFileType = sourcecode.swift; path = StepView.swift; sourceTree = "<group>"; };
		731EB7442AF9323B00931952 /* ApplyHistoryView.swift */ = {isa = PBXFileReference; lastKnownFileType = sourcecode.swift; path = ApplyHistoryView.swift; sourceTree = "<group>"; };
		731EB7462AF9ED9A00931952 /* MainViewModel.swift */ = {isa = PBXFileReference; lastKnownFileType = sourcecode.swift; path = MainViewModel.swift; sourceTree = "<group>"; };
		7337E1E72AD04B1700D91E6F /* TextStyle+Extension.swift */ = {isa = PBXFileReference; lastKnownFileType = sourcecode.swift; path = "TextStyle+Extension.swift"; sourceTree = "<group>"; };
		7337E1EE2AD1531700D91E6F /* ApplyTypeView.swift */ = {isa = PBXFileReference; lastKnownFileType = sourcecode.swift; path = ApplyTypeView.swift; sourceTree = "<group>"; };
		73525BF42AE6445E00A73769 /* CustomTabBarView.swift */ = {isa = PBXFileReference; lastKnownFileType = sourcecode.swift; path = CustomTabBarView.swift; sourceTree = "<group>"; };
		73525BF62AE68AF500A73769 /* OnboardingView.swift */ = {isa = PBXFileReference; lastKnownFileType = sourcecode.swift; path = OnboardingView.swift; sourceTree = "<group>"; };
		735ADB2E2AD5AC4E0069B94B /* MediConditionView.swift */ = {isa = PBXFileReference; lastKnownFileType = sourcecode.swift; path = MediConditionView.swift; sourceTree = "<group>"; };
		735EE1B22AC027EA00AD8B8D /* Onbom.entitlements */ = {isa = PBXFileReference; lastKnownFileType = text.plist.entitlements; path = Onbom.entitlements; sourceTree = "<group>"; };
		735EE1B32AC029A900AD8B8D /* LoginView.swift */ = {isa = PBXFileReference; lastKnownFileType = sourcecode.swift; path = LoginView.swift; sourceTree = "<group>"; };
		735EE1B52AC02AA200AD8B8D /* AuthenticationViewModel.swift */ = {isa = PBXFileReference; lastKnownFileType = sourcecode.swift; path = AuthenticationViewModel.swift; sourceTree = "<group>"; };
		7372273D2AD2FB340021EFC6 /* MediHistoryView.swift */ = {isa = PBXFileReference; lastKnownFileType = sourcecode.swift; path = MediHistoryView.swift; sourceTree = "<group>"; };
		7372273F2AD30BBE0021EFC6 /* RejectView.swift */ = {isa = PBXFileReference; lastKnownFileType = sourcecode.swift; path = RejectView.swift; sourceTree = "<group>"; };
		737227412AD323360021EFC6 /* PatientInfoView.swift */ = {isa = PBXFileReference; lastKnownFileType = sourcecode.swift; path = PatientInfoView.swift; sourceTree = "<group>"; };
		737227432AD474E50021EFC6 /* View+Extension.swift */ = {isa = PBXFileReference; lastKnownFileType = sourcecode.swift; path = "View+Extension.swift"; sourceTree = "<group>"; };
		7372274B2AD476200021EFC6 /* ViewModifier.swift */ = {isa = PBXFileReference; lastKnownFileType = sourcecode.swift; path = ViewModifier.swift; sourceTree = "<group>"; };
		7372274E2AD476AD0021EFC6 /* FormTextField.swift */ = {isa = PBXFileReference; lastKnownFileType = sourcecode.swift; path = FormTextField.swift; sourceTree = "<group>"; };
		737D49022ACB3F4F008AC5EC /* MainView.swift */ = {isa = PBXFileReference; lastKnownFileType = sourcecode.swift; path = MainView.swift; sourceTree = "<group>"; };
		737EE3532ABD646100D224FC /* OnbomApp.swift */ = {isa = PBXFileReference; lastKnownFileType = sourcecode.swift; path = OnbomApp.swift; sourceTree = "<group>"; };
		737EE3572ABD646200D224FC /* Assets.xcassets */ = {isa = PBXFileReference; lastKnownFileType = folder.assetcatalog; path = Assets.xcassets; sourceTree = "<group>"; };
		737EE35A2ABD646200D224FC /* Preview Assets.xcassets */ = {isa = PBXFileReference; lastKnownFileType = folder.assetcatalog; path = "Preview Assets.xcassets"; sourceTree = "<group>"; };
		7384DB072AEACB950034E7FD /* CustomNavigationBar.swift */ = {isa = PBXFileReference; lastKnownFileType = sourcecode.swift; path = CustomNavigationBar.swift; sourceTree = "<group>"; };
		7386D33E2AEFF1E600E1F327 /* PatientInfoViewModelTests.swift */ = {isa = PBXFileReference; lastKnownFileType = sourcecode.swift; path = PatientInfoViewModelTests.swift; sourceTree = "<group>"; };
		7389872E2AD5E95A00688634 /* MediConditionViewModel.swift */ = {isa = PBXFileReference; lastKnownFileType = sourcecode.swift; path = MediConditionViewModel.swift; sourceTree = "<group>"; };
		739F9FAA2AC1DB4300523110 /* Info.plist */ = {isa = PBXFileReference; lastKnownFileType = text.plist; path = Info.plist; sourceTree = "<group>"; };
		73A708882ACEC605004B462B /* GoogleService-Info.plist */ = {isa = PBXFileReference; fileEncoding = 4; lastKnownFileType = text.plist.xml; path = "GoogleService-Info.plist"; sourceTree = "<group>"; };
		73A9D6922B065E9F001F8F39 /* GuideView.swift */ = {isa = PBXFileReference; lastKnownFileType = sourcecode.swift; path = GuideView.swift; sourceTree = "<group>"; };
		73A9D6942B065F14001F8F39 /* LTCICardFront.swift */ = {isa = PBXFileReference; lastKnownFileType = sourcecode.swift; path = LTCICardFront.swift; sourceTree = "<group>"; };
		73A9D6962B065F60001F8F39 /* AdBanner.swift */ = {isa = PBXFileReference; lastKnownFileType = sourcecode.swift; path = AdBanner.swift; sourceTree = "<group>"; };
		73A9D6982B065FD5001F8F39 /* HomeNavigationBar.swift */ = {isa = PBXFileReference; lastKnownFileType = sourcecode.swift; path = HomeNavigationBar.swift; sourceTree = "<group>"; };
		73A9D69A2B0661AF001F8F39 /* LTCICardBack.swift */ = {isa = PBXFileReference; lastKnownFileType = sourcecode.swift; path = LTCICardBack.swift; sourceTree = "<group>"; };
		73C58ABE2AEE1A8C00EA126A /* FirebaseStorageManager.swift */ = {isa = PBXFileReference; lastKnownFileType = sourcecode.swift; path = FirebaseStorageManager.swift; sourceTree = "<group>"; };
		73C7A0D62B010F7D00CE3C9E /* OnbomUITests.xctest */ = {isa = PBXFileReference; explicitFileType = wrapper.cfbundle; includeInIndex = 0; path = OnbomUITests.xctest; sourceTree = BUILT_PRODUCTS_DIR; };
		73F4D54B2AFC065200BEA671 /* StringValidateTests.swift */ = {isa = PBXFileReference; lastKnownFileType = sourcecode.swift; path = StringValidateTests.swift; sourceTree = "<group>"; };
		73FD46D62ADAADCF002ED839 /* NavigationManager.swift */ = {isa = PBXFileReference; lastKnownFileType = sourcecode.swift; path = NavigationManager.swift; sourceTree = "<group>"; };
		73FD46D82ADADF8C002ED839 /* HomeView.swift */ = {isa = PBXFileReference; lastKnownFileType = sourcecode.swift; path = HomeView.swift; sourceTree = "<group>"; };
		AE10D38F2AD4D33C00D9ED3C /* SignatureView.swift */ = {isa = PBXFileReference; lastKnownFileType = sourcecode.swift; path = SignatureView.swift; sourceTree = "<group>"; };
		AE10D3912AD4E1C900D9ED3C /* PrivacyPolicyView.swift */ = {isa = PBXFileReference; lastKnownFileType = sourcecode.swift; path = PrivacyPolicyView.swift; sourceTree = "<group>"; };
		AE2FFADA2AEFA141005DC43C /* CallTaxiView.swift */ = {isa = PBXFileReference; lastKnownFileType = sourcecode.swift; path = CallTaxiView.swift; sourceTree = "<group>"; };
		AE5F71B42B03958700992CB7 /* PrivacyPolicyDetailView.swift */ = {isa = PBXFileReference; lastKnownFileType = sourcecode.swift; path = PrivacyPolicyDetailView.swift; sourceTree = "<group>"; };
		AE70A4282ADAE7500006125E /* Onbom.app */ = {isa = PBXFileReference; explicitFileType = wrapper.application; includeInIndex = 0; path = Onbom.app; sourceTree = BUILT_PRODUCTS_DIR; };
		AE933EDB2AD42E36003D87E6 /* AgentInfoView.swift */ = {isa = PBXFileReference; lastKnownFileType = sourcecode.swift; path = AgentInfoView.swift; sourceTree = "<group>"; };
		AE933EDD2AD42E60003D87E6 /* AgentInfoDetailView.swift */ = {isa = PBXFileReference; lastKnownFileType = sourcecode.swift; path = AgentInfoDetailView.swift; sourceTree = "<group>"; };
		AEA098F32AE6B13800DE9BA8 /* DescriptionView.swift */ = {isa = PBXFileReference; lastKnownFileType = sourcecode.swift; path = DescriptionView.swift; sourceTree = "<group>"; };
		AEB33E752AC2B0ED0082A3E7 /* PDFManager.swift */ = {isa = PBXFileReference; lastKnownFileType = sourcecode.swift; path = PDFManager.swift; sourceTree = "<group>"; };
		AEB33E782AC2BDAC0082A3E7 /* PDFViewer.swift */ = {isa = PBXFileReference; lastKnownFileType = sourcecode.swift; path = PDFViewer.swift; sourceTree = "<group>"; };
		AEB33E982AC3F7CE0082A3E7 /* LTCIForm.pdf */ = {isa = PBXFileReference; lastKnownFileType = image.pdf; path = LTCIForm.pdf; sourceTree = "<group>"; };
		AEB33E9A2AC406600082A3E7 /* Color+Palette.swift */ = {isa = PBXFileReference; lastKnownFileType = sourcecode.swift; path = "Color+Palette.swift"; sourceTree = "<group>"; };
		AEB33E9D2AC40C470082A3E7 /* InputField.swift */ = {isa = PBXFileReference; lastKnownFileType = sourcecode.swift; path = InputField.swift; sourceTree = "<group>"; };
		AEB33EA82ACAADE00082A3E7 /* PDFFormLocation.swift */ = {isa = PBXFileReference; lastKnownFileType = sourcecode.swift; path = PDFFormLocation.swift; sourceTree = "<group>"; };
		AEB33EAB2ACD3D010082A3E7 /* DigitalSignatureManager.swift */ = {isa = PBXFileReference; lastKnownFileType = sourcecode.swift; path = DigitalSignatureManager.swift; sourceTree = "<group>"; };
		AEDB39752AE5BE6F0034E57E /* Dongle-Bold.ttf */ = {isa = PBXFileReference; lastKnownFileType = file; path = "Dongle-Bold.ttf"; sourceTree = "<group>"; };
/* End PBXFileReference section */

/* Begin PBXFrameworksBuildPhase section */
		737EE34D2ABD646100D224FC /* Frameworks */ = {
			isa = PBXFrameworksBuildPhase;
			buildActionMask = 2147483647;
			files = (
				73C58AF82AEE238A00EA126A /* FirebaseStorage in Frameworks */,
			);
			runOnlyForDeploymentPostprocessing = 0;
		};
		7386D3392AEFF1E600E1F327 /* Frameworks */ = {
			isa = PBXFrameworksBuildPhase;
			buildActionMask = 2147483647;
			files = (
			);
			runOnlyForDeploymentPostprocessing = 0;
		};
		73F4D5382AFC019600BEA671 /* Frameworks */ = {
			isa = PBXFrameworksBuildPhase;
			buildActionMask = 2147483647;
			files = (
			);
			runOnlyForDeploymentPostprocessing = 0;
		};
/* End PBXFrameworksBuildPhase section */

/* Begin PBXGroup section */
		708891E92AD5515B005B67AB /* Address */ = {
			isa = PBXGroup;
			children = (
				03D759352ACDA17400495D7F /* PostCodeInputView.swift */,
				708891EA2AD55191005B67AB /* AddressFormView.swift */,
				03FFF2A82ACDAE7A00B81D65 /* PostCodeViewer.swift */,
			);
			path = Address;
			sourceTree = "<group>";
		};
		70AC25A12AF15BA500DBC4A0 /* OCR */ = {
			isa = PBXGroup;
			children = (
				70AC25A42AF15BF900DBC4A0 /* TextRecognizable.swift */,
				70C423722AD4354000D660B7 /* IDCardTextRecognizer.swift */,
				70AC25A62AF15C2C00DBC4A0 /* DocumentTextRecognizer.swift */,
			);
			path = OCR;
			sourceTree = "<group>";
		};
		70AC25A32AF15BB600DBC4A0 /* RectangleDetect */ = {
			isa = PBXGroup;
			children = (
				70AC25A82AF15C5E00DBC4A0 /* RectangleDetectable.swift */,
				70C423742AD4362400D660B7 /* IDCardDetector.swift */,
				70AC25AA2AF15CA300DBC4A0 /* DocumentDetector.swift */,
			);
			path = RectangleDetect;
			sourceTree = "<group>";
		};
		70AC25AE2AF226D400DBC4A0 /* Manager */ = {
			isa = PBXGroup;
			children = (
				70D2994B2AC573BC009F536A /* CameraManager.swift */,
				70AC25AF2AF226EE00DBC4A0 /* IDCardCameraManager.swift */,
			);
			path = Manager;
			sourceTree = "<group>";
		};
		70AC25B12AF2271300DBC4A0 /* Viewer */ = {
			isa = PBXGroup;
			children = (
				70AC25B22AF2272200DBC4A0 /* IDCardCameraViewer.swift */,
				70D299492AC573B3009F536A /* DocumentCameraViewer.swift */,
			);
			path = Viewer;
			sourceTree = "<group>";
		};
		70B136BA2AD589CB001208E3 /* Font */ = {
			isa = PBXGroup;
			children = (
				AEDB39752AE5BE6F0034E57E /* Dongle-Bold.ttf */,
				70B136BB2AD589CB001208E3 /* Pretendard-Regular.otf */,
				70B136BC2AD589CB001208E3 /* Pretendard-Black.otf */,
				70B136BD2AD589CB001208E3 /* Pretendard-Medium.otf */,
				70B136BE2AD589CB001208E3 /* Pretendard-Light.otf */,
				70B136BF2AD589CB001208E3 /* Pretendard-ExtraBold.otf */,
				70B136C02AD589CB001208E3 /* Pretendard-Bold.otf */,
				70B136C12AD589CB001208E3 /* Pretendard-Thin.otf */,
				70B136C22AD589CB001208E3 /* Pretendard-ExtraLight.otf */,
				70B136C32AD589CB001208E3 /* Pretendard-SemiBold.otf */,
			);
			path = Font;
			sourceTree = "<group>";
		};
		70D299482AC40E49009F536A /* Camera */ = {
			isa = PBXGroup;
			children = (
				70AC25AE2AF226D400DBC4A0 /* Manager */,
				70AC25B12AF2271300DBC4A0 /* Viewer */,
				70AC25A12AF15BA500DBC4A0 /* OCR */,
				70AC25A32AF15BB600DBC4A0 /* RectangleDetect */,
			);
			path = Camera;
			sourceTree = "<group>";
		};
		70D2994F2AC96163009F536A /* IDCard */ = {
			isa = PBXGroup;
			children = (
				70D299502AC9617D009F536A /* IDCardDescriptionView.swift */,
				70D299522AC961AB009F536A /* IDCardOCRView.swift */,
				709697CD2ADBBF4000DB8B19 /* IDCardConfirmEditView.swift */,
			);
			path = IDCard;
			sourceTree = "<group>";
		};
		70F9E1E12B03662C00AACBCA /* Article */ = {
			isa = PBXGroup;
			children = (
				70F9E1E22B047D4B00AACBCA /* ArticleListView.swift */,
				70F9E1DF2B03662300AACBCA /* ArticleDetailView.swift */,
			);
			path = Article;
			sourceTree = "<group>";
		};
		73007CBE2AEBA26100376511 /* ViewModel */ = {
			isa = PBXGroup;
			children = (
				731EB7462AF9ED9A00931952 /* MainViewModel.swift */,
				7389872E2AD5E95A00688634 /* MediConditionViewModel.swift */,
				735EE1B52AC02AA200AD8B8D /* AuthenticationViewModel.swift */,
			);
			path = ViewModel;
			sourceTree = "<group>";
		};
		737EE3472ABD646100D224FC = {
			isa = PBXGroup;
			children = (
				737EE3522ABD646100D224FC /* Onbom */,
				AE70A4282ADAE7500006125E /* Onbom.app */,
				7386D33D2AEFF1E600E1F327 /* OnbomTests */,
				73C58AC02AEE1D9A00EA126A /* Frameworks */,
				702872642AF736C200061AD4 /* OnbomTests.xctest */,
				73C7A0D62B010F7D00CE3C9E /* OnbomUITests.xctest */,
			);
			sourceTree = "<group>";
		};
		737EE3522ABD646100D224FC /* Onbom */ = {
			isa = PBXGroup;
			children = (
				739F9FAA2AC1DB4300523110 /* Info.plist */,
				735EE1B22AC027EA00AD8B8D /* Onbom.entitlements */,
				AEB33E9C2AC40C360082A3E7 /* Components */,
				AE57BA0F2ABD690700F71B34 /* Resources */,
				AE57BA0E2ABD690100F71B34 /* Core */,
				AE57BA0D2ABD68FA00F71B34 /* Extensions */,
				AE57BA0C2ABD68ED00F71B34 /* Model */,
				AE57BA0B2ABD68E600F71B34 /* View */,
				03092D092B04F895006884A5 /* MyInfoView.swift */,
				737EE3532ABD646100D224FC /* OnbomApp.swift */,
				737EE3572ABD646200D224FC /* Assets.xcassets */,
				737EE3592ABD646200D224FC /* Preview Content */,
			);
			path = Onbom;
			sourceTree = "<group>";
		};
		737EE3592ABD646200D224FC /* Preview Content */ = {
			isa = PBXGroup;
			children = (
				737EE35A2ABD646200D224FC /* Preview Assets.xcassets */,
			);
			path = "Preview Content";
			sourceTree = "<group>";
		};
		7386D33D2AEFF1E600E1F327 /* OnbomTests */ = {
			isa = PBXGroup;
			children = (
				7386D33E2AEFF1E600E1F327 /* PatientInfoViewModelTests.swift */,
				73F4D54B2AFC065200BEA671 /* StringValidateTests.swift */,
			);
			path = OnbomTests;
			sourceTree = "<group>";
		};
		73C58ABD2AEE1A7B00EA126A /* Firebase */ = {
			isa = PBXGroup;
			children = (
				73C58ABE2AEE1A8C00EA126A /* FirebaseStorageManager.swift */,
			);
			path = Firebase;
			sourceTree = "<group>";
		};
		73C58AC02AEE1D9A00EA126A /* Frameworks */ = {
			isa = PBXGroup;
			children = (
			);
			name = Frameworks;
			sourceTree = "<group>";
		};
		73F4D5362AFBF1D400BEA671 /* Navigation */ = {
			isa = PBXGroup;
			children = (
				73FD46D62ADAADCF002ED839 /* NavigationManager.swift */,
			);
			path = Navigation;
			sourceTree = "<group>";
		};
		AE2FFAD82AEFA0F6005DC43C /* LTCI */ = {
			isa = PBXGroup;
			children = (
				73525BF62AE68AF500A73769 /* OnboardingView.swift */,
				737D49022ACB3F4F008AC5EC /* MainView.swift */,
				73FD46D82ADADF8C002ED839 /* HomeView.swift */,
				731EB7442AF9323B00931952 /* ApplyHistoryView.swift */,
				AEA098F32AE6B13800DE9BA8 /* DescriptionView.swift */,
				7337E1EE2AD1531700D91E6F /* ApplyTypeView.swift */,
				AE10D3912AD4E1C900D9ED3C /* PrivacyPolicyView.swift */,
				AE5F71B42B03958700992CB7 /* PrivacyPolicyDetailView.swift */,
				731609672AD838FB00399476 /* StepView.swift */,
				03FB0B2E2B0368A700DC1129 /* PatientInfoCompleteView.swift */,
				7372273D2AD2FB340021EFC6 /* MediHistoryView.swift */,
				735ADB2E2AD5AC4E0069B94B /* MediConditionView.swift */,
				7372273F2AD30BBE0021EFC6 /* RejectView.swift */,
				737227412AD323360021EFC6 /* PatientInfoView.swift */,
				708891E92AD5515B005B67AB /* Address */,
				AE933EDA2AD41B44003D87E6 /* AgentInfo */,
				70D2994F2AC96163009F536A /* IDCard */,
				AE10D38F2AD4D33C00D9ED3C /* SignatureView.swift */,
				708891F22AD57B91005B67AB /* SubmitCheckListView.swift */,
				03FFF2D02AE6AD2B00B81D65 /* SubmitLoadingView.swift */,
				03FFF2D22AE6B4A600B81D65 /* SubmitView.swift */,
				735EE1B32AC029A900AD8B8D /* LoginView.swift */,
			);
			path = LTCI;
			sourceTree = "<group>";
		};
		AE2FFAD92AEFA11C005DC43C /* Donghaeng */ = {
			isa = PBXGroup;
			children = (
				AE2FFADA2AEFA141005DC43C /* CallTaxiView.swift */,
			);
			path = Donghaeng;
			sourceTree = "<group>";
		};
		AE57BA0B2ABD68E600F71B34 /* View */ = {
			isa = PBXGroup;
			children = (
				AE2FFAD92AEFA11C005DC43C /* Donghaeng */,
				AE2FFAD82AEFA0F6005DC43C /* LTCI */,
				70F9E1E12B03662C00AACBCA /* Article */,
			);
			path = View;
			sourceTree = "<group>";
		};
		AE57BA0C2ABD68ED00F71B34 /* Model */ = {
			isa = PBXGroup;
			children = (
				702D35A92ADBBD31008FE1F8 /* Patient.swift */,
				73007CC02AEBA5B600376511 /* Agent.swift */,
				73007CC22AEBA5BB00376511 /* Address.swift */,
			);
			path = Model;
			sourceTree = "<group>";
		};
		AE57BA0D2ABD68FA00F71B34 /* Extensions */ = {
			isa = PBXGroup;
			children = (
				AEB33E9A2AC406600082A3E7 /* Color+Palette.swift */,
				702872652AF737A500061AD4 /* String+Validation.swift */,
				7337E1E72AD04B1700D91E6F /* TextStyle+Extension.swift */,
				737227432AD474E50021EFC6 /* View+Extension.swift */,
				7372274B2AD476200021EFC6 /* ViewModifier.swift */,
			);
			path = Extensions;
			sourceTree = "<group>";
		};
		AE57BA0E2ABD690100F71B34 /* Core */ = {
			isa = PBXGroup;
			children = (
				73F4D5362AFBF1D400BEA671 /* Navigation */,
				73C58ABD2AEE1A7B00EA126A /* Firebase */,
				73007CBE2AEBA26100376511 /* ViewModel */,
				AEB33EAF2ACFDE740082A3E7 /* PDF */,
				AEB33EAA2ACD3BFA0082A3E7 /* DigitalSignature */,
				70D299482AC40E49009F536A /* Camera */,
			);
			path = Core;
			sourceTree = "<group>";
		};
		AE57BA0F2ABD690700F71B34 /* Resources */ = {
			isa = PBXGroup;
			children = (
				70B136BA2AD589CB001208E3 /* Font */,
				73A708882ACEC605004B462B /* GoogleService-Info.plist */,
				AEB33E982AC3F7CE0082A3E7 /* LTCIForm.pdf */,
				AEB33EA82ACAADE00082A3E7 /* PDFFormLocation.swift */,
			);
			path = Resources;
			sourceTree = "<group>";
		};
		AE933EDA2AD41B44003D87E6 /* AgentInfo */ = {
			isa = PBXGroup;
			children = (
				AE933EDB2AD42E36003D87E6 /* AgentInfoView.swift */,
				AE933EDD2AD42E60003D87E6 /* AgentInfoDetailView.swift */,
			);
			path = AgentInfo;
			sourceTree = "<group>";
		};
		AEB33E9C2AC40C360082A3E7 /* Components */ = {
			isa = PBXGroup;
			children = (
				73525BF42AE6445E00A73769 /* CustomTabBarView.swift */,
				7372274E2AD476AD0021EFC6 /* FormTextField.swift */,
				AEB33E9D2AC40C470082A3E7 /* InputField.swift */,
				708891F02AD55607005B67AB /* CityAddressInputField.swift */,
				70E0470C2AD513BC00FC73A5 /* AddressInputField.swift */,
				70E047062AD5135F00FC73A5 /* NumberInputField.swift */,
				70E047082AD5138300FC73A5 /* PhoneNumberInputField.swift */,
				70E0470A2AD5139200FC73A5 /* IDNumberInputField.swift */,
				70E047042AD5023000FC73A5 /* NavigationBarBackButton.swift */,
				03FFF2BA2AD5B74E00B81D65 /* CTAButton.swift */,
				03FFF2C82ADD60EF00B81D65 /* RadioButton.swift */,
				03FFF2CA2ADD614900B81D65 /* Alert.swift */,
				7384DB072AEACB950034E7FD /* CustomNavigationBar.swift */,
				73A9D6922B065E9F001F8F39 /* GuideView.swift */,
				73A9D6982B065FD5001F8F39 /* HomeNavigationBar.swift */,
				73A9D6962B065F60001F8F39 /* AdBanner.swift */,
				73A9D6942B065F14001F8F39 /* LTCICardFront.swift */,
				73A9D69A2B0661AF001F8F39 /* LTCICardBack.swift */,
			);
			path = Components;
			sourceTree = "<group>";
		};
		AEB33EAA2ACD3BFA0082A3E7 /* DigitalSignature */ = {
			isa = PBXGroup;
			children = (
				AEB33EAB2ACD3D010082A3E7 /* DigitalSignatureManager.swift */,
			);
			path = DigitalSignature;
			sourceTree = "<group>";
		};
		AEB33EAF2ACFDE740082A3E7 /* PDF */ = {
			isa = PBXGroup;
			children = (
				AEB33E752AC2B0ED0082A3E7 /* PDFManager.swift */,
				AEB33E782AC2BDAC0082A3E7 /* PDFViewer.swift */,
			);
			path = PDF;
			sourceTree = "<group>";
		};
/* End PBXGroup section */

/* Begin PBXNativeTarget section */
		737EE34F2ABD646100D224FC /* Onbom */ = {
			isa = PBXNativeTarget;
			buildConfigurationList = 737EE35E2ABD646200D224FC /* Build configuration list for PBXNativeTarget "Onbom" */;
			buildPhases = (
				737EE34C2ABD646100D224FC /* Sources */,
				737EE34D2ABD646100D224FC /* Frameworks */,
				737EE34E2ABD646100D224FC /* Resources */,
				73A7088A2ACEC614004B462B /* Setup Firebase Environment Variables */,
			);
			buildRules = (
			);
			dependencies = (
			);
			name = Onbom;
			packageProductDependencies = (
				73C58AF72AEE238A00EA126A /* FirebaseStorage */,
			);
			productName = Onbom;
			productReference = AE70A4282ADAE7500006125E /* Onbom.app */;
			productType = "com.apple.product-type.application";
		};
		7386D33B2AEFF1E600E1F327 /* OnbomTests */ = {
			isa = PBXNativeTarget;
			buildConfigurationList = 7386D3422AEFF1E600E1F327 /* Build configuration list for PBXNativeTarget "OnbomTests" */;
			buildPhases = (
				7386D3382AEFF1E600E1F327 /* Sources */,
				7386D3392AEFF1E600E1F327 /* Frameworks */,
				7386D33A2AEFF1E600E1F327 /* Resources */,
			);
			buildRules = (
			);
			dependencies = (
			);
			name = OnbomTests;
			productName = OnbomTests;
			productReference = 702872642AF736C200061AD4 /* OnbomTests.xctest */;
			productType = "com.apple.product-type.bundle.unit-test";
		};
		73F4D53A2AFC019600BEA671 /* OnbomUITests */ = {
			isa = PBXNativeTarget;
			buildConfigurationList = 73F4D5452AFC019600BEA671 /* Build configuration list for PBXNativeTarget "OnbomUITests" */;
			buildPhases = (
				73F4D5372AFC019600BEA671 /* Sources */,
				73F4D5382AFC019600BEA671 /* Frameworks */,
				73F4D5392AFC019600BEA671 /* Resources */,
			);
			buildRules = (
			);
			dependencies = (
				73F4D5422AFC019600BEA671 /* PBXTargetDependency */,
			);
			name = OnbomUITests;
			productName = OnbomUITests;
			productReference = 73C7A0D62B010F7D00CE3C9E /* OnbomUITests.xctest */;
			productType = "com.apple.product-type.bundle.ui-testing";
		};
/* End PBXNativeTarget section */

/* Begin PBXProject section */
		737EE3482ABD646100D224FC /* Project object */ = {
			isa = PBXProject;
			attributes = {
				BuildIndependentTargetsInParallel = 1;
				LastSwiftUpdateCheck = 1500;
				LastUpgradeCheck = 1430;
				TargetAttributes = {
					737EE34F2ABD646100D224FC = {
						CreatedOnToolsVersion = 14.3.1;
					};
					7386D33B2AEFF1E600E1F327 = {
						CreatedOnToolsVersion = 15.0;
					};
					73F4D53A2AFC019600BEA671 = {
						CreatedOnToolsVersion = 15.0;
						TestTargetID = 737EE34F2ABD646100D224FC;
					};
				};
			};
			buildConfigurationList = 737EE34B2ABD646100D224FC /* Build configuration list for PBXProject "Onbom" */;
			compatibilityVersion = "Xcode 14.0";
			developmentRegion = en;
			hasScannedForEncodings = 0;
			knownRegions = (
				en,
				Base,
			);
			mainGroup = 737EE3472ABD646100D224FC;
			packageReferences = (
				735EE1A22AC01BDE00AD8B8D /* XCRemoteSwiftPackageReference "firebase-ios-sdk" */,
			);
			productRefGroup = 737EE3472ABD646100D224FC;
			projectDirPath = "";
			projectRoot = "";
			targets = (
				737EE34F2ABD646100D224FC /* Onbom */,
				7386D33B2AEFF1E600E1F327 /* OnbomTests */,
				73F4D53A2AFC019600BEA671 /* OnbomUITests */,
			);
		};
/* End PBXProject section */

/* Begin PBXResourcesBuildPhase section */
		737EE34E2ABD646100D224FC /* Resources */ = {
			isa = PBXResourcesBuildPhase;
			buildActionMask = 2147483647;
			files = (
				AE0132D12AE5BFCF00347814 /* Dongle-Bold.ttf in Resources */,
				AEB33E992AC3F7CE0082A3E7 /* LTCIForm.pdf in Resources */,
				70B136CA2AD589CB001208E3 /* Pretendard-Thin.otf in Resources */,
				70B136C42AD589CB001208E3 /* Pretendard-Regular.otf in Resources */,
				70B136CC2AD589CB001208E3 /* Pretendard-SemiBold.otf in Resources */,
				70B136C82AD589CB001208E3 /* Pretendard-ExtraBold.otf in Resources */,
				73A708892ACEC605004B462B /* GoogleService-Info.plist in Resources */,
				737EE35B2ABD646200D224FC /* Preview Assets.xcassets in Resources */,
				737EE3582ABD646200D224FC /* Assets.xcassets in Resources */,
				70B136C72AD589CB001208E3 /* Pretendard-Light.otf in Resources */,
				70B136C52AD589CB001208E3 /* Pretendard-Black.otf in Resources */,
				70B136C92AD589CB001208E3 /* Pretendard-Bold.otf in Resources */,
				70B136C62AD589CB001208E3 /* Pretendard-Medium.otf in Resources */,
				70B136CB2AD589CB001208E3 /* Pretendard-ExtraLight.otf in Resources */,
			);
			runOnlyForDeploymentPostprocessing = 0;
		};
		7386D33A2AEFF1E600E1F327 /* Resources */ = {
			isa = PBXResourcesBuildPhase;
			buildActionMask = 2147483647;
			files = (
			);
			runOnlyForDeploymentPostprocessing = 0;
		};
		73F4D5392AFC019600BEA671 /* Resources */ = {
			isa = PBXResourcesBuildPhase;
			buildActionMask = 2147483647;
			files = (
			);
			runOnlyForDeploymentPostprocessing = 0;
		};
/* End PBXResourcesBuildPhase section */

/* Begin PBXShellScriptBuildPhase section */
		73A7088A2ACEC614004B462B /* Setup Firebase Environment Variables */ = {
			isa = PBXShellScriptBuildPhase;
			buildActionMask = 8;
			files = (
			);
			inputFileListPaths = (
			);
			inputPaths = (
			);
			name = "Setup Firebase Environment Variables";
			outputFileListPaths = (
			);
			outputPaths = (
			);
			runOnlyForDeploymentPostprocessing = 1;
			shellPath = /bin/sh;
			shellScript = "# Type a script or drag a script file from your workspace to insert its path.\n# cp -r \"$SRCROOT/Resources/GoogleService-Info.plist\" \"${BUILT_PRODUCTS_DIR}/${PRODUCT_NAME}.app/GoogleService-Info.plist\" ;;\n";
		};
/* End PBXShellScriptBuildPhase section */

/* Begin PBXSourcesBuildPhase section */
		737EE34C2ABD646100D224FC /* Sources */ = {
			isa = PBXSourcesBuildPhase;
			buildActionMask = 2147483647;
			files = (
				AEB33E762AC2B0ED0082A3E7 /* PDFManager.swift in Sources */,
				03FFF2C92ADD60EF00B81D65 /* RadioButton.swift in Sources */,
				735EE1B62AC02AA200AD8B8D /* AuthenticationViewModel.swift in Sources */,
				735EE1B42AC029A900AD8B8D /* LoginView.swift in Sources */,
				73A9D6972B065F60001F8F39 /* AdBanner.swift in Sources */,
				AE2FFADB2AEFA141005DC43C /* CallTaxiView.swift in Sources */,
				73FD46D92ADADF8C002ED839 /* HomeView.swift in Sources */,
				737D49032ACB3F4F008AC5EC /* MainView.swift in Sources */,
				70E047072AD5135F00FC73A5 /* NumberInputField.swift in Sources */,
				70D299532AC961AB009F536A /* IDCardOCRView.swift in Sources */,
				7337E1E82AD04B1700D91E6F /* TextStyle+Extension.swift in Sources */,
				709697CE2ADBBF4000DB8B19 /* IDCardConfirmEditView.swift in Sources */,
				AE933EDE2AD42E60003D87E6 /* AgentInfoDetailView.swift in Sources */,
				AE933EDC2AD42E36003D87E6 /* AgentInfoView.swift in Sources */,
				73525BF72AE68AF500A73769 /* OnboardingView.swift in Sources */,
				70AC25A72AF15C2C00DBC4A0 /* DocumentTextRecognizer.swift in Sources */,
				70AC25B32AF2272200DBC4A0 /* IDCardCameraViewer.swift in Sources */,
				7372274F2AD476AD0021EFC6 /* FormTextField.swift in Sources */,
				70C423732AD4354000D660B7 /* IDCardTextRecognizer.swift in Sources */,
				70C423752AD4362400D660B7 /* IDCardDetector.swift in Sources */,
				70AC25B02AF226EE00DBC4A0 /* IDCardCameraManager.swift in Sources */,
				7389872F2AD5E95A00688634 /* MediConditionViewModel.swift in Sources */,
				7372273E2AD2FB340021EFC6 /* MediHistoryView.swift in Sources */,
				735ADB2F2AD5AC4E0069B94B /* MediConditionView.swift in Sources */,
				70D299512AC9617D009F536A /* IDCardDescriptionView.swift in Sources */,
				708891F12AD55607005B67AB /* CityAddressInputField.swift in Sources */,
				70D2994A2AC573B3009F536A /* DocumentCameraViewer.swift in Sources */,
				73FD46D72ADAADCF002ED839 /* NavigationManager.swift in Sources */,
				7384DB082AEACB950034E7FD /* CustomNavigationBar.swift in Sources */,
				70F9E1E32B047D4B00AACBCA /* ArticleListView.swift in Sources */,
				03FFF2BB2AD5B74E00B81D65 /* CTAButton.swift in Sources */,
				731609682AD838FB00399476 /* StepView.swift in Sources */,
				AEB33E792AC2BDAC0082A3E7 /* PDFViewer.swift in Sources */,
				03FFF2D32AE6B4A600B81D65 /* SubmitView.swift in Sources */,
				702D35AA2ADBBD31008FE1F8 /* Patient.swift in Sources */,
				70E0470B2AD5139200FC73A5 /* IDNumberInputField.swift in Sources */,
				AEA098F42AE6B13800DE9BA8 /* DescriptionView.swift in Sources */,
				731EB7452AF9323B00931952 /* ApplyHistoryView.swift in Sources */,
				AE5F71B52B03958700992CB7 /* PrivacyPolicyDetailView.swift in Sources */,
				70D2994C2AC573BC009F536A /* CameraManager.swift in Sources */,
				03FB0B2F2B0368A700DC1129 /* PatientInfoCompleteView.swift in Sources */,
				73A9D6932B065E9F001F8F39 /* GuideView.swift in Sources */,
				73007CC12AEBA5B600376511 /* Agent.swift in Sources */,
				7372274C2AD476200021EFC6 /* ViewModifier.swift in Sources */,
				70F9E1E02B03662300AACBCA /* ArticleDetailView.swift in Sources */,
				03FFF2A92ACDAE7A00B81D65 /* PostCodeViewer.swift in Sources */,
				73A9D6952B065F14001F8F39 /* LTCICardFront.swift in Sources */,
				03FFF2CB2ADD614900B81D65 /* Alert.swift in Sources */,
				708891F32AD57B91005B67AB /* SubmitCheckListView.swift in Sources */,
				73007CC32AEBA5BB00376511 /* Address.swift in Sources */,
				73525BF52AE6445E00A73769 /* CustomTabBarView.swift in Sources */,
				708891EB2AD55191005B67AB /* AddressFormView.swift in Sources */,
				03D759362ACDA17400495D7F /* PostCodeInputView.swift in Sources */,
				70E0470D2AD513BC00FC73A5 /* AddressInputField.swift in Sources */,
				737227422AD323360021EFC6 /* PatientInfoView.swift in Sources */,
				7337E1EF2AD1531700D91E6F /* ApplyTypeView.swift in Sources */,
				70AC25AB2AF15CA300DBC4A0 /* DocumentDetector.swift in Sources */,
				731EB7472AF9ED9A00931952 /* MainViewModel.swift in Sources */,
				73A9D69B2B0661AF001F8F39 /* LTCICardBack.swift in Sources */,
				AE10D3922AD4E1C900D9ED3C /* PrivacyPolicyView.swift in Sources */,
				03092D0A2B04F895006884A5 /* MyInfoView.swift in Sources */,
				AEB33EA92ACAADE00082A3E7 /* PDFFormLocation.swift in Sources */,
				03FFF2D12AE6AD2C00B81D65 /* SubmitLoadingView.swift in Sources */,
				AEB33E9B2AC406600082A3E7 /* Color+Palette.swift in Sources */,
				70AC25A92AF15C5E00DBC4A0 /* RectangleDetectable.swift in Sources */,
				737EE3542ABD646100D224FC /* OnbomApp.swift in Sources */,
				702872662AF737A500061AD4 /* String+Validation.swift in Sources */,
				73C58ABF2AEE1A8C00EA126A /* FirebaseStorageManager.swift in Sources */,
				AE10D3902AD4D33C00D9ED3C /* SignatureView.swift in Sources */,
				AEB33E9E2AC40C470082A3E7 /* InputField.swift in Sources */,
				70E047092AD5138300FC73A5 /* PhoneNumberInputField.swift in Sources */,
				70E047052AD5023000FC73A5 /* NavigationBarBackButton.swift in Sources */,
				73A9D6992B065FD5001F8F39 /* HomeNavigationBar.swift in Sources */,
				737227402AD30BBE0021EFC6 /* RejectView.swift in Sources */,
				70AC25A52AF15BF900DBC4A0 /* TextRecognizable.swift in Sources */,
				737227442AD474E50021EFC6 /* View+Extension.swift in Sources */,
				AEB33EAC2ACD3D010082A3E7 /* DigitalSignatureManager.swift in Sources */,
			);
			runOnlyForDeploymentPostprocessing = 0;
		};
		7386D3382AEFF1E600E1F327 /* Sources */ = {
			isa = PBXSourcesBuildPhase;
			buildActionMask = 2147483647;
			files = (
				73F4D54C2AFC065200BEA671 /* StringValidateTests.swift in Sources */,
				7386D33F2AEFF1E600E1F327 /* PatientInfoViewModelTests.swift in Sources */,
				737FFBA02AFC8E1900FCCB17 /* String+Validation.swift in Sources */,
			);
			runOnlyForDeploymentPostprocessing = 0;
		};
		73F4D5372AFC019600BEA671 /* Sources */ = {
			isa = PBXSourcesBuildPhase;
			buildActionMask = 2147483647;
			files = (
			);
			runOnlyForDeploymentPostprocessing = 0;
		};
/* End PBXSourcesBuildPhase section */

/* Begin PBXTargetDependency section */
		73F4D5422AFC019600BEA671 /* PBXTargetDependency */ = {
			isa = PBXTargetDependency;
			target = 737EE34F2ABD646100D224FC /* Onbom */;
			targetProxy = 73F4D5412AFC019600BEA671 /* PBXContainerItemProxy */;
		};
/* End PBXTargetDependency section */

/* Begin XCBuildConfiguration section */
		737EE35C2ABD646200D224FC /* Debug */ = {
			isa = XCBuildConfiguration;
			buildSettings = {
				ALWAYS_SEARCH_USER_PATHS = NO;
				CLANG_ANALYZER_NONNULL = YES;
				CLANG_ANALYZER_NUMBER_OBJECT_CONVERSION = YES_AGGRESSIVE;
				CLANG_CXX_LANGUAGE_STANDARD = "gnu++20";
				CLANG_ENABLE_MODULES = YES;
				CLANG_ENABLE_OBJC_ARC = YES;
				CLANG_ENABLE_OBJC_WEAK = YES;
				CLANG_WARN_BLOCK_CAPTURE_AUTORELEASING = YES;
				CLANG_WARN_BOOL_CONVERSION = YES;
				CLANG_WARN_COMMA = YES;
				CLANG_WARN_CONSTANT_CONVERSION = YES;
				CLANG_WARN_DEPRECATED_OBJC_IMPLEMENTATIONS = YES;
				CLANG_WARN_DIRECT_OBJC_ISA_USAGE = YES_ERROR;
				CLANG_WARN_DOCUMENTATION_COMMENTS = YES;
				CLANG_WARN_EMPTY_BODY = YES;
				CLANG_WARN_ENUM_CONVERSION = YES;
				CLANG_WARN_INFINITE_RECURSION = YES;
				CLANG_WARN_INT_CONVERSION = YES;
				CLANG_WARN_NON_LITERAL_NULL_CONVERSION = YES;
				CLANG_WARN_OBJC_IMPLICIT_RETAIN_SELF = YES;
				CLANG_WARN_OBJC_LITERAL_CONVERSION = YES;
				CLANG_WARN_OBJC_ROOT_CLASS = YES_ERROR;
				CLANG_WARN_QUOTED_INCLUDE_IN_FRAMEWORK_HEADER = YES;
				CLANG_WARN_RANGE_LOOP_ANALYSIS = YES;
				CLANG_WARN_STRICT_PROTOTYPES = YES;
				CLANG_WARN_SUSPICIOUS_MOVE = YES;
				CLANG_WARN_UNGUARDED_AVAILABILITY = YES_AGGRESSIVE;
				CLANG_WARN_UNREACHABLE_CODE = YES;
				CLANG_WARN__DUPLICATE_METHOD_MATCH = YES;
				COPY_PHASE_STRIP = NO;
				DEBUG_INFORMATION_FORMAT = dwarf;
				ENABLE_STRICT_OBJC_MSGSEND = YES;
				ENABLE_TESTABILITY = YES;
				GCC_C_LANGUAGE_STANDARD = gnu11;
				GCC_DYNAMIC_NO_PIC = NO;
				GCC_NO_COMMON_BLOCKS = YES;
				GCC_OPTIMIZATION_LEVEL = 0;
				GCC_PREPROCESSOR_DEFINITIONS = (
					"DEBUG=1",
					"$(inherited)",
				);
				GCC_WARN_64_TO_32_BIT_CONVERSION = YES;
				GCC_WARN_ABOUT_RETURN_TYPE = YES_ERROR;
				GCC_WARN_UNDECLARED_SELECTOR = YES;
				GCC_WARN_UNINITIALIZED_AUTOS = YES_AGGRESSIVE;
				GCC_WARN_UNUSED_FUNCTION = YES;
				GCC_WARN_UNUSED_VARIABLE = YES;
				IPHONEOS_DEPLOYMENT_TARGET = 16.4;
				MTL_ENABLE_DEBUG_INFO = INCLUDE_SOURCE;
				MTL_FAST_MATH = YES;
				ONLY_ACTIVE_ARCH = YES;
				SDKROOT = iphoneos;
				SWIFT_ACTIVE_COMPILATION_CONDITIONS = DEBUG;
				SWIFT_OPTIMIZATION_LEVEL = "-Onone";
			};
			name = Debug;
		};
		737EE35D2ABD646200D224FC /* Release */ = {
			isa = XCBuildConfiguration;
			buildSettings = {
				ALWAYS_SEARCH_USER_PATHS = NO;
				CLANG_ANALYZER_NONNULL = YES;
				CLANG_ANALYZER_NUMBER_OBJECT_CONVERSION = YES_AGGRESSIVE;
				CLANG_CXX_LANGUAGE_STANDARD = "gnu++20";
				CLANG_ENABLE_MODULES = YES;
				CLANG_ENABLE_OBJC_ARC = YES;
				CLANG_ENABLE_OBJC_WEAK = YES;
				CLANG_WARN_BLOCK_CAPTURE_AUTORELEASING = YES;
				CLANG_WARN_BOOL_CONVERSION = YES;
				CLANG_WARN_COMMA = YES;
				CLANG_WARN_CONSTANT_CONVERSION = YES;
				CLANG_WARN_DEPRECATED_OBJC_IMPLEMENTATIONS = YES;
				CLANG_WARN_DIRECT_OBJC_ISA_USAGE = YES_ERROR;
				CLANG_WARN_DOCUMENTATION_COMMENTS = YES;
				CLANG_WARN_EMPTY_BODY = YES;
				CLANG_WARN_ENUM_CONVERSION = YES;
				CLANG_WARN_INFINITE_RECURSION = YES;
				CLANG_WARN_INT_CONVERSION = YES;
				CLANG_WARN_NON_LITERAL_NULL_CONVERSION = YES;
				CLANG_WARN_OBJC_IMPLICIT_RETAIN_SELF = YES;
				CLANG_WARN_OBJC_LITERAL_CONVERSION = YES;
				CLANG_WARN_OBJC_ROOT_CLASS = YES_ERROR;
				CLANG_WARN_QUOTED_INCLUDE_IN_FRAMEWORK_HEADER = YES;
				CLANG_WARN_RANGE_LOOP_ANALYSIS = YES;
				CLANG_WARN_STRICT_PROTOTYPES = YES;
				CLANG_WARN_SUSPICIOUS_MOVE = YES;
				CLANG_WARN_UNGUARDED_AVAILABILITY = YES_AGGRESSIVE;
				CLANG_WARN_UNREACHABLE_CODE = YES;
				CLANG_WARN__DUPLICATE_METHOD_MATCH = YES;
				COPY_PHASE_STRIP = NO;
				DEBUG_INFORMATION_FORMAT = "dwarf-with-dsym";
				ENABLE_NS_ASSERTIONS = NO;
				ENABLE_STRICT_OBJC_MSGSEND = YES;
				GCC_C_LANGUAGE_STANDARD = gnu11;
				GCC_NO_COMMON_BLOCKS = YES;
				GCC_WARN_64_TO_32_BIT_CONVERSION = YES;
				GCC_WARN_ABOUT_RETURN_TYPE = YES_ERROR;
				GCC_WARN_UNDECLARED_SELECTOR = YES;
				GCC_WARN_UNINITIALIZED_AUTOS = YES_AGGRESSIVE;
				GCC_WARN_UNUSED_FUNCTION = YES;
				GCC_WARN_UNUSED_VARIABLE = YES;
				IPHONEOS_DEPLOYMENT_TARGET = 16.4;
				MTL_ENABLE_DEBUG_INFO = NO;
				MTL_FAST_MATH = YES;
				SDKROOT = iphoneos;
				SWIFT_COMPILATION_MODE = wholemodule;
				SWIFT_OPTIMIZATION_LEVEL = "-O";
				VALIDATE_PRODUCT = YES;
			};
			name = Release;
		};
		737EE35F2ABD646200D224FC /* Debug */ = {
			isa = XCBuildConfiguration;
			buildSettings = {
				ASSETCATALOG_COMPILER_APPICON_NAME = AppIcon;
				ASSETCATALOG_COMPILER_GLOBAL_ACCENT_COLOR_NAME = AccentColor;
				CODE_SIGN_ENTITLEMENTS = Onbom/Onbom.entitlements;
				CODE_SIGN_STYLE = Automatic;
				CURRENT_PROJECT_VERSION = 1;
				DEVELOPMENT_ASSET_PATHS = "\"Onbom/Preview Content\"";
				DEVELOPMENT_TEAM = RV2W6Y7UMT;
				ENABLE_PREVIEWS = YES;
				GENERATE_INFOPLIST_FILE = YES;
				INFOPLIST_FILE = Onbom/Info.plist;
				INFOPLIST_KEY_NSCameraUsageDescription = "신분증 촬영을 위해 카메라 권한이 필요합니다";
				INFOPLIST_KEY_UIApplicationSceneManifest_Generation = YES;
				INFOPLIST_KEY_UIApplicationSupportsIndirectInputEvents = YES;
				INFOPLIST_KEY_UISupportedInterfaceOrientations_iPad = "UIInterfaceOrientationPortrait UIInterfaceOrientationPortraitUpsideDown UIInterfaceOrientationLandscapeLeft UIInterfaceOrientationLandscapeRight";
				INFOPLIST_KEY_UISupportedInterfaceOrientations_iPhone = "UIInterfaceOrientationPortrait UIInterfaceOrientationLandscapeLeft UIInterfaceOrientationLandscapeRight";
				INFOPLIST_KEY_UIUserInterfaceStyle = Light;
				IPHONEOS_DEPLOYMENT_TARGET = 16.4;
				LD_RUNPATH_SEARCH_PATHS = (
					"$(inherited)",
					"@executable_path/Frameworks",
				);
				MARKETING_VERSION = 1.0;
				PRODUCT_BUNDLE_IDENTIFIER = Nutty.Onbom;
				PRODUCT_NAME = "$(TARGET_NAME)";
				SWIFT_EMIT_LOC_STRINGS = YES;
				SWIFT_VERSION = 5.0;
				TARGETED_DEVICE_FAMILY = "1,2";
			};
			name = Debug;
		};
		737EE3602ABD646200D224FC /* Release */ = {
			isa = XCBuildConfiguration;
			buildSettings = {
				ASSETCATALOG_COMPILER_APPICON_NAME = AppIcon;
				ASSETCATALOG_COMPILER_GLOBAL_ACCENT_COLOR_NAME = AccentColor;
				CODE_SIGN_ENTITLEMENTS = Onbom/Onbom.entitlements;
				CODE_SIGN_STYLE = Automatic;
				CURRENT_PROJECT_VERSION = 1;
				DEVELOPMENT_ASSET_PATHS = "\"Onbom/Preview Content\"";
				DEVELOPMENT_TEAM = RV2W6Y7UMT;
				ENABLE_PREVIEWS = YES;
				GENERATE_INFOPLIST_FILE = YES;
				INFOPLIST_FILE = Onbom/Info.plist;
				INFOPLIST_KEY_NSCameraUsageDescription = "신분증 촬영을 위해 카메라 권한이 필요합니다";
				INFOPLIST_KEY_UIApplicationSceneManifest_Generation = YES;
				INFOPLIST_KEY_UIApplicationSupportsIndirectInputEvents = YES;
				INFOPLIST_KEY_UISupportedInterfaceOrientations_iPad = "UIInterfaceOrientationPortrait UIInterfaceOrientationPortraitUpsideDown UIInterfaceOrientationLandscapeLeft UIInterfaceOrientationLandscapeRight";
				INFOPLIST_KEY_UISupportedInterfaceOrientations_iPhone = "UIInterfaceOrientationPortrait UIInterfaceOrientationLandscapeLeft UIInterfaceOrientationLandscapeRight";
				INFOPLIST_KEY_UIUserInterfaceStyle = Light;
				IPHONEOS_DEPLOYMENT_TARGET = 16.4;
				LD_RUNPATH_SEARCH_PATHS = (
					"$(inherited)",
					"@executable_path/Frameworks",
				);
				MARKETING_VERSION = 1.0;
				PRODUCT_BUNDLE_IDENTIFIER = Nutty.Onbom;
				PRODUCT_NAME = "$(TARGET_NAME)";
				SWIFT_EMIT_LOC_STRINGS = YES;
				SWIFT_VERSION = 5.0;
				TARGETED_DEVICE_FAMILY = "1,2";
			};
			name = Release;
		};
		7386D3402AEFF1E600E1F327 /* Debug */ = {
			isa = XCBuildConfiguration;
			buildSettings = {
				ASSETCATALOG_COMPILER_GENERATE_SWIFT_ASSET_SYMBOL_EXTENSIONS = YES;
				CODE_SIGN_STYLE = Automatic;
				CURRENT_PROJECT_VERSION = 1;
				DEVELOPMENT_TEAM = RV2W6Y7UMT;
				ENABLE_USER_SCRIPT_SANDBOXING = YES;
				GCC_C_LANGUAGE_STANDARD = gnu17;
				GENERATE_INFOPLIST_FILE = YES;
				IPHONEOS_DEPLOYMENT_TARGET = 17.0;
				LOCALIZATION_PREFERS_STRING_CATALOGS = YES;
				MACOSX_DEPLOYMENT_TARGET = 14.0;
				MARKETING_VERSION = 1.0;
				PRODUCT_BUNDLE_IDENTIFIER = moon.OnbomTests;
				PRODUCT_NAME = "$(TARGET_NAME)";
				SDKROOT = auto;
				SUPPORTED_PLATFORMS = "iphoneos iphonesimulator macosx";
				SWIFT_ACTIVE_COMPILATION_CONDITIONS = "DEBUG $(inherited)";
				SWIFT_EMIT_LOC_STRINGS = NO;
				SWIFT_VERSION = 5.0;
				TARGETED_DEVICE_FAMILY = "1,2";
			};
			name = Debug;
		};
		7386D3412AEFF1E600E1F327 /* Release */ = {
			isa = XCBuildConfiguration;
			buildSettings = {
				ASSETCATALOG_COMPILER_GENERATE_SWIFT_ASSET_SYMBOL_EXTENSIONS = YES;
				CODE_SIGN_STYLE = Automatic;
				CURRENT_PROJECT_VERSION = 1;
				DEVELOPMENT_TEAM = RV2W6Y7UMT;
				ENABLE_USER_SCRIPT_SANDBOXING = YES;
				GCC_C_LANGUAGE_STANDARD = gnu17;
				GENERATE_INFOPLIST_FILE = YES;
				IPHONEOS_DEPLOYMENT_TARGET = 17.0;
				LOCALIZATION_PREFERS_STRING_CATALOGS = YES;
				MACOSX_DEPLOYMENT_TARGET = 14.0;
				MARKETING_VERSION = 1.0;
				PRODUCT_BUNDLE_IDENTIFIER = moon.OnbomTests;
				PRODUCT_NAME = "$(TARGET_NAME)";
				SDKROOT = auto;
				SUPPORTED_PLATFORMS = "iphoneos iphonesimulator macosx";
				SWIFT_EMIT_LOC_STRINGS = NO;
				SWIFT_VERSION = 5.0;
				TARGETED_DEVICE_FAMILY = "1,2";
			};
			name = Release;
		};
		73F4D5432AFC019600BEA671 /* Debug */ = {
			isa = XCBuildConfiguration;
			buildSettings = {
				ASSETCATALOG_COMPILER_GENERATE_SWIFT_ASSET_SYMBOL_EXTENSIONS = YES;
				CODE_SIGN_STYLE = Automatic;
				CURRENT_PROJECT_VERSION = 1;
				DEVELOPMENT_TEAM = RV2W6Y7UMT;
				ENABLE_USER_SCRIPT_SANDBOXING = YES;
				GCC_C_LANGUAGE_STANDARD = gnu17;
				GENERATE_INFOPLIST_FILE = YES;
				IPHONEOS_DEPLOYMENT_TARGET = 17.0;
				LOCALIZATION_PREFERS_STRING_CATALOGS = YES;
				MARKETING_VERSION = 1.0;
				PRODUCT_BUNDLE_IDENTIFIER = moon.OnbomUITests;
				PRODUCT_NAME = "$(TARGET_NAME)";
				SWIFT_ACTIVE_COMPILATION_CONDITIONS = "DEBUG $(inherited)";
				SWIFT_EMIT_LOC_STRINGS = NO;
				SWIFT_VERSION = 5.0;
				TARGETED_DEVICE_FAMILY = "1,2";
				TEST_TARGET_NAME = Onbom;
			};
			name = Debug;
		};
		73F4D5442AFC019600BEA671 /* Release */ = {
			isa = XCBuildConfiguration;
			buildSettings = {
				ASSETCATALOG_COMPILER_GENERATE_SWIFT_ASSET_SYMBOL_EXTENSIONS = YES;
				CODE_SIGN_STYLE = Automatic;
				CURRENT_PROJECT_VERSION = 1;
				DEVELOPMENT_TEAM = RV2W6Y7UMT;
				ENABLE_USER_SCRIPT_SANDBOXING = YES;
				GCC_C_LANGUAGE_STANDARD = gnu17;
				GENERATE_INFOPLIST_FILE = YES;
				IPHONEOS_DEPLOYMENT_TARGET = 17.0;
				LOCALIZATION_PREFERS_STRING_CATALOGS = YES;
				MARKETING_VERSION = 1.0;
				PRODUCT_BUNDLE_IDENTIFIER = moon.OnbomUITests;
				PRODUCT_NAME = "$(TARGET_NAME)";
				SWIFT_EMIT_LOC_STRINGS = NO;
				SWIFT_VERSION = 5.0;
				TARGETED_DEVICE_FAMILY = "1,2";
				TEST_TARGET_NAME = Onbom;
			};
			name = Release;
		};
/* End XCBuildConfiguration section */

/* Begin XCConfigurationList section */
		737EE34B2ABD646100D224FC /* Build configuration list for PBXProject "Onbom" */ = {
			isa = XCConfigurationList;
			buildConfigurations = (
				737EE35C2ABD646200D224FC /* Debug */,
				737EE35D2ABD646200D224FC /* Release */,
			);
			defaultConfigurationIsVisible = 0;
			defaultConfigurationName = Release;
		};
		737EE35E2ABD646200D224FC /* Build configuration list for PBXNativeTarget "Onbom" */ = {
			isa = XCConfigurationList;
			buildConfigurations = (
				737EE35F2ABD646200D224FC /* Debug */,
				737EE3602ABD646200D224FC /* Release */,
			);
			defaultConfigurationIsVisible = 0;
			defaultConfigurationName = Release;
		};
		7386D3422AEFF1E600E1F327 /* Build configuration list for PBXNativeTarget "OnbomTests" */ = {
			isa = XCConfigurationList;
			buildConfigurations = (
				7386D3402AEFF1E600E1F327 /* Debug */,
				7386D3412AEFF1E600E1F327 /* Release */,
			);
			defaultConfigurationIsVisible = 0;
			defaultConfigurationName = Release;
		};
		73F4D5452AFC019600BEA671 /* Build configuration list for PBXNativeTarget "OnbomUITests" */ = {
			isa = XCConfigurationList;
			buildConfigurations = (
				73F4D5432AFC019600BEA671 /* Debug */,
				73F4D5442AFC019600BEA671 /* Release */,
			);
			defaultConfigurationIsVisible = 0;
			defaultConfigurationName = Release;
		};
/* End XCConfigurationList section */

/* Begin XCRemoteSwiftPackageReference section */
		735EE1A22AC01BDE00AD8B8D /* XCRemoteSwiftPackageReference "firebase-ios-sdk" */ = {
			isa = XCRemoteSwiftPackageReference;
			repositoryURL = "https://github.com/firebase/firebase-ios-sdk";
			requirement = {
				kind = upToNextMajorVersion;
				minimumVersion = 10.15.0;
			};
		};
/* End XCRemoteSwiftPackageReference section */

/* Begin XCSwiftPackageProductDependency section */
		73C58AF72AEE238A00EA126A /* FirebaseStorage */ = {
			isa = XCSwiftPackageProductDependency;
			package = 735EE1A22AC01BDE00AD8B8D /* XCRemoteSwiftPackageReference "firebase-ios-sdk" */;
			productName = FirebaseStorage;
		};
/* End XCSwiftPackageProductDependency section */
	};
	rootObject = 737EE3482ABD646100D224FC /* Project object */;
}
